{
  "version": 4,
  "terraform_version": "1.14.6",
  "serial": 209,
  "lineage": "75fcfa54-0485-05b8-e7f3-928f8c577158",
  "outputs": {
    "artifact_bucket": {
      "value": "kha-leo-build-artifacts",
      "type": "string"
    },
    "aurora_cluster_endpoint": {
      "value": "khaleo-aurora-cluster.cluster-cl8m6uq24vd0.ap-southeast-1.rds.amazonaws.com",
      "type": "string"
    },
    "aurora_cluster_identifier": {
      "value": "khaleo-aurora-cluster",
      "type": "string"
    },
    "aurora_cluster_reader_endpoint": {
      "value": "khaleo-aurora-cluster.cluster-ro-cl8m6uq24vd0.ap-southeast-1.rds.amazonaws.com",
      "type": "string"
    },
    "backend_alb_dns_name": {
      "value": "khaleo-backend-alb-1957877309.ap-southeast-1.elb.amazonaws.com",
      "type": "string"
    },
    "backend_target_group_arn": {
      "value": "arn:aws:elasticloadbalancing:ap-southeast-1:817888697629:targetgroup/khaleo-backend-tg/4d7a815dddca791c",
      "type": "string"
    },
    "cloudfront_distribution_domain_name": {
      "value": "d23yug88bmutiy.cloudfront.net",
      "type": "string"
    },
    "cloudfront_distribution_id": {
      "value": "E2ML39SU9XSAB8",
      "type": "string"
    },
    "deploy_artifact_bucket": {
      "value": "kha-leo-build-artifacts",
      "type": "string"
    },
    "deploy_target_tag": {
      "value": {
        "key": "Role",
        "value": "khaleo-backend"
      },
      "type": [
        "object",
        {
          "key": "string",
          "value": "string"
        }
      ]
    },
    "frontend_bucket": {
      "value": "khaleo-frontend-prod",
      "type": "string"
    },
    "github_actions_oidc_provider_arn": {
      "value": "arn:aws:iam::817888697629:oidc-provider/token.actions.githubusercontent.com",
      "type": "string"
    },
    "github_actions_role_arn": {
      "value": "arn:aws:iam::817888697629:role/github-actions-khaleo-prod-role",
      "type": "string"
    },
    "github_environment_name": {
      "value": "production",
      "type": "string"
    },
    "secrets_manager_secrets": {
      "value": {
        "db": "arn:aws:secretsmanager:ap-southeast-1:817888697629:secret:khaleo/prod/db-credentials-wbinxh",
        "jwt": "arn:aws:secretsmanager:ap-southeast-1:817888697629:secret:khaleo/prod/jwt-secret-OX7eza",
        "ses": "arn:aws:secretsmanager:ap-southeast-1:817888697629:secret:khaleo/prod/ses-credentials-XSXaga"
      },
      "type": [
        "object",
        {
          "db": "string",
          "jwt": "string",
          "ses": "string"
        }
      ]
    }
  },
  "resources": [
    {
      "mode": "data",
      "type": "aws_caller_identity",
      "name": "current",
      "provider": "provider[\"registry.terraform.io/hashicorp/aws\"]",
      "instances": [
        {
          "schema_version": 0,
          "attributes": {
            "account_id": "817888697629",
            "arn": "arn:aws:iam::817888697629:user/khaleo1",
            "id": "817888697629",
            "user_id": "AIDA343PXDUOTUCLJG65M"
          },
          "sensitive_attributes": [],
          "identity_schema_version": 0
        }
      ]
    },
    {
      "mode": "data",
      "type": "aws_iam_policy_document",
      "name": "backend_instance_assume_role",
      "provider": "provider[\"registry.terraform.io/hashicorp/aws\"]",
      "instances": [
        {
          "schema_version": 0,
          "attributes": {
            "id": "1672745620",
            "json": "{\n  \"Version\": \"2012-10-17\",\n  \"Statement\": [\n    {\n      \"Sid\": \"Ec2AssumeRole\",\n      \"Effect\": \"Allow\",\n      \"Action\": \"sts:AssumeRole\",\n      \"Principal\": {\n        \"Service\": \"ec2.amazonaws.com\"\n      }\n    }\n  ]\n}",
            "minified_json": "{\"Version\":\"2012-10-17\",\"Statement\":[{\"Sid\":\"Ec2AssumeRole\",\"Effect\":\"Allow\",\"Action\":\"sts:AssumeRole\",\"Principal\":{\"Service\":\"ec2.amazonaws.com\"}}]}",
            "override_json": null,
            "override_policy_documents": null,
            "policy_id": null,
            "source_json": null,
            "source_policy_documents": null,
            "statement": [
              {
                "actions": [
                  "sts:AssumeRole"
                ],
                "condition": [],
                "effect": "Allow",
                "not_actions": [],
                "not_principals": [],
                "not_resources": [],
                "principals": [
                  {
                    "identifiers": [
                      "ec2.amazonaws.com"
                    ],
                    "type": "Service"
                  }
                ],
                "resources": [],
                "sid": "Ec2AssumeRole"
              }
            ],
            "version": "2012-10-17"
          },
          "sensitive_attributes": [],
          "identity_schema_version": 0
        }
      ]
    },
    {
      "mode": "data",
      "type": "aws_iam_policy_document",
      "name": "frontend_bucket_policy",
      "provider": "provider[\"registry.terraform.io/hashicorp/aws\"]",
      "instances": [
        {
          "schema_version": 0,
          "attributes": {
            "id": "1017328001",
            "json": "{\n  \"Version\": \"2012-10-17\",\n  \"Statement\": [\n    {\n      \"Sid\": \"AllowCloudFrontRead\",\n      \"Effect\": \"Allow\",\n      \"Action\": \"s3:GetObject\",\n      \"Resource\": \"arn:aws:s3:::khaleo-frontend-prod/*\",\n      \"Principal\": {\n        \"Service\": \"cloudfront.amazonaws.com\"\n      },\n      \"Condition\": {\n        \"StringEquals\": {\n          \"AWS:SourceArn\": \"arn:aws:cloudfront::817888697629:distribution/E2ML39SU9XSAB8\"\n        }\n      }\n    }\n  ]\n}",
            "minified_json": "{\"Version\":\"2012-10-17\",\"Statement\":[{\"Sid\":\"AllowCloudFrontRead\",\"Effect\":\"Allow\",\"Action\":\"s3:GetObject\",\"Resource\":\"arn:aws:s3:::khaleo-frontend-prod/*\",\"Principal\":{\"Service\":\"cloudfront.amazonaws.com\"},\"Condition\":{\"StringEquals\":{\"AWS:SourceArn\":\"arn:aws:cloudfront::817888697629:distribution/E2ML39SU9XSAB8\"}}}]}",
            "override_json": null,
            "override_policy_documents": null,
            "policy_id": null,
            "source_json": null,
            "source_policy_documents": null,
            "statement": [
              {
                "actions": [
                  "s3:GetObject"
                ],
                "condition": [
                  {
                    "test": "StringEquals",
                    "values": [
                      "arn:aws:cloudfront::817888697629:distribution/E2ML39SU9XSAB8"
                    ],
                    "variable": "AWS:SourceArn"
                  }
                ],
                "effect": "Allow",
                "not_actions": [],
                "not_principals": [],
                "not_resources": [],
                "principals": [
                  {
                    "identifiers": [
                      "cloudfront.amazonaws.com"
                    ],
                    "type": "Service"
                  }
                ],
                "resources": [
                  "arn:aws:s3:::khaleo-frontend-prod/*"
                ],
                "sid": "AllowCloudFrontRead"
              }
            ],
            "version": "2012-10-17"
          },
          "sensitive_attributes": [],
          "identity_schema_version": 0
        }
      ]
    },
    {
      "mode": "data",
      "type": "aws_iam_policy_document",
      "name": "github_actions_oidc_assume_role",
      "provider": "provider[\"registry.terraform.io/hashicorp/aws\"]",
      "instances": [
        {
          "schema_version": 0,
          "attributes": {
            "id": "1799661774",
            "json": "{\n  \"Version\": \"2012-10-17\",\n  \"Statement\": [\n    {\n      \"Sid\": \"GitHubActionsAssumeRole\",\n      \"Effect\": \"Allow\",\n      \"Action\": \"sts:AssumeRoleWithWebIdentity\",\n      \"Principal\": {\n        \"Federated\": \"arn:aws:iam::817888697629:oidc-provider/token.actions.githubusercontent.com\"\n      },\n      \"Condition\": {\n        \"StringEquals\": {\n          \"token.actions.githubusercontent.com:aud\": \"sts.amazonaws.com\",\n          \"token.actions.githubusercontent.com:sub\": \"repo:brvkha/KhaLeo:environment:production\"\n        }\n      }\n    }\n  ]\n}",
            "minified_json": "{\"Version\":\"2012-10-17\",\"Statement\":[{\"Sid\":\"GitHubActionsAssumeRole\",\"Effect\":\"Allow\",\"Action\":\"sts:AssumeRoleWithWebIdentity\",\"Principal\":{\"Federated\":\"arn:aws:iam::817888697629:oidc-provider/token.actions.githubusercontent.com\"},\"Condition\":{\"StringEquals\":{\"token.actions.githubusercontent.com:aud\":\"sts.amazonaws.com\",\"token.actions.githubusercontent.com:sub\":\"repo:brvkha/KhaLeo:environment:production\"}}}]}",
            "override_json": null,
            "override_policy_documents": null,
            "policy_id": null,
            "source_json": null,
            "source_policy_documents": null,
            "statement": [
              {
                "actions": [
                  "sts:AssumeRoleWithWebIdentity"
                ],
                "condition": [
                  {
                    "test": "StringEquals",
                    "values": [
                      "repo:brvkha/KhaLeo:environment:production"
                    ],
                    "variable": "token.actions.githubusercontent.com:sub"
                  },
                  {
                    "test": "StringEquals",
                    "values": [
                      "sts.amazonaws.com"
                    ],
                    "variable": "token.actions.githubusercontent.com:aud"
                  }
                ],
                "effect": "Allow",
                "not_actions": [],
                "not_principals": [],
                "not_resources": [],
                "principals": [
                  {
                    "identifiers": [
                      "arn:aws:iam::817888697629:oidc-provider/token.actions.githubusercontent.com"
                    ],
                    "type": "Federated"
                  }
                ],
                "resources": [],
                "sid": "GitHubActionsAssumeRole"
              }
            ],
            "version": "2012-10-17"
          },
          "sensitive_attributes": [],
          "identity_schema_version": 0
        }
      ]
    },
    {
      "mode": "managed",
      "type": "aws_acm_certificate",
      "name": "backend_cert",
      "provider": "provider[\"registry.terraform.io/hashicorp/aws\"]",
      "instances": [
        {
          "schema_version": 0,
          "attributes": {
            "arn": "arn:aws:acm:ap-southeast-1:817888697629:certificate/90dfd05c-493b-4fbc-a4da-c1d59ded221b",
            "certificate_authority_arn": "",
            "certificate_body": null,
            "certificate_chain": null,
            "domain_name": "api.khaleoshop.click",
            "domain_validation_options": [
              {
                "domain_name": "api.khaleoshop.click",
                "resource_record_name": "_748cd5210d5ad2fedefbd29af9b71faa.api.khaleoshop.click.",
                "resource_record_type": "CNAME",
                "resource_record_value": "_8fe26958f18ebacc3b2a7af5e2879c19.jkddzztszm.acm-validations.aws."
              }
            ],
            "early_renewal_duration": "",
            "id": "arn:aws:acm:ap-southeast-1:817888697629:certificate/90dfd05c-493b-4fbc-a4da-c1d59ded221b",
            "key_algorithm": "RSA_2048",
            "not_after": "",
            "not_before": "",
            "options": [
              {
                "certificate_transparency_logging_preference": "ENABLED"
              }
            ],
            "pending_renewal": false,
            "private_key": null,
            "renewal_eligibility": "INELIGIBLE",
            "renewal_summary": [],
            "status": "PENDING_VALIDATION",
            "subject_alternative_names": [
              "api.khaleoshop.click"
            ],
            "tags": null,
            "tags_all": {},
            "type": "AMAZON_ISSUED",
            "validation_emails": [],
            "validation_method": "DNS",
            "validation_option": []
          },
          "sensitive_attributes": [
            [
              {
                "type": "get_attr",
                "value": "private_key"
              }
            ]
          ],
          "identity_schema_version": 0,
          "private": "bnVsbA==",
          "create_before_destroy": true
        }
      ]
    },
    {
      "mode": "managed",
      "type": "aws_acm_certificate",
      "name": "frontend_cert",
      "provider": "provider[\"registry.terraform.io/hashicorp/aws\"].us_east_1",
      "instances": [
        {
          "schema_version": 0,
          "attributes": {
            "arn": "arn:aws:acm:us-east-1:817888697629:certificate/d85d8044-0166-4ddd-9f4e-921d26f66836",
            "certificate_authority_arn": "",
            "certificate_body": null,
            "certificate_chain": null,
            "domain_name": "khaleoshop.click",
            "domain_validation_options": [
              {
                "domain_name": "khaleoshop.click",
                "resource_record_name": "_d1204231198c181358f38c96565a633c.khaleoshop.click.",
                "resource_record_type": "CNAME",
                "resource_record_value": "_72fd40b14e62cbcc783c0cbe0e4966e6.jkddzztszm.acm-validations.aws."
              }
            ],
            "early_renewal_duration": "",
            "id": "arn:aws:acm:us-east-1:817888697629:certificate/d85d8044-0166-4ddd-9f4e-921d26f66836",
            "key_algorithm": "RSA_2048",
            "not_after": "",
            "not_before": "",
            "options": [
              {
                "certificate_transparency_logging_preference": "ENABLED"
              }
            ],
            "pending_renewal": false,
            "private_key": null,
            "renewal_eligibility": "INELIGIBLE",
            "renewal_summary": [],
            "status": "PENDING_VALIDATION",
            "subject_alternative_names": [
              "khaleoshop.click"
            ],
            "tags": null,
            "tags_all": {},
            "type": "AMAZON_ISSUED",
            "validation_emails": [],
            "validation_method": "DNS",
            "validation_option": []
          },
          "sensitive_attributes": [
            [
              {
                "type": "get_attr",
                "value": "private_key"
              }
            ]
          ],
          "identity_schema_version": 0,
          "private": "bnVsbA==",
          "create_before_destroy": true
        }
      ]
    },
    {
      "mode": "managed",
      "type": "aws_acm_certificate_validation",
      "name": "backend_cert",
      "provider": "provider[\"registry.terraform.io/hashicorp/aws\"]",
      "instances": [
        {
          "schema_version": 0,
          "attributes": {
            "certificate_arn": "arn:aws:acm:ap-southeast-1:817888697629:certificate/90dfd05c-493b-4fbc-a4da-c1d59ded221b",
            "id": "2026-03-18 03:57:42.046 +0000 UTC",
            "timeouts": null,
            "validation_record_fqdns": [
              "_748cd5210d5ad2fedefbd29af9b71faa.api.khaleoshop.click"
            ]
          },
          "sensitive_attributes": [],
          "identity_schema_version": 0,
          "private": "eyJlMmJmYjczMC1lY2FhLTExZTYtOGY4OC0zNDM2M2JjN2M0YzAiOnsiY3JlYXRlIjo0NTAwMDAwMDAwMDAwfX0=",
          "dependencies": [
            "aws_acm_certificate.backend_cert",
            "aws_route53_record.backend_cert_validation"
          ]
        }
      ]
    },
    {
      "mode": "managed",
      "type": "aws_acm_certificate_validation",
      "name": "frontend_cert",
      "provider": "provider[\"registry.terraform.io/hashicorp/aws\"].us_east_1",
      "instances": [
        {
          "schema_version": 0,
          "attributes": {
            "certificate_arn": "arn:aws:acm:us-east-1:817888697629:certificate/d85d8044-0166-4ddd-9f4e-921d26f66836",
            "id": "2026-03-18 03:57:43.009 +0000 UTC",
            "timeouts": null,
            "validation_record_fqdns": [
              "_d1204231198c181358f38c96565a633c.khaleoshop.click"
            ]
          },
          "sensitive_attributes": [],
          "identity_schema_version": 0,
          "private": "eyJlMmJmYjczMC1lY2FhLTExZTYtOGY4OC0zNDM2M2JjN2M0YzAiOnsiY3JlYXRlIjo0NTAwMDAwMDAwMDAwfX0=",
          "dependencies": [
            "aws_acm_certificate.frontend_cert",
            "aws_route53_record.frontend_cert_validation"
          ]
        }
      ]
    },
    {
      "mode": "managed",
      "type": "aws_autoscaling_group",
      "name": "backend",
      "provider": "provider[\"registry.terraform.io/hashicorp/aws\"]",
      "instances": [
        {
          "schema_version": 1,
          "attributes": {
            "arn": "arn:aws:autoscaling:ap-southeast-1:817888697629:autoScalingGroup:89f29a95-00b9-44fe-95ed-837dd465a34e:autoScalingGroupName/khaleo-backend-asg",
            "availability_zone_distribution": [
              {
                "capacity_distribution_strategy": "balanced-best-effort"
              }
            ],
            "availability_zones": [
              "ap-southeast-1a",
              "ap-southeast-1b",
              "ap-southeast-1c"
            ],
            "capacity_rebalance": false,
            "capacity_reservation_specification": [
              {
                "capacity_reservation_preference": "default",
                "capacity_reservation_target": []
              }
            ],
            "context": "",
            "default_cooldown": 300,
            "default_instance_warmup": 0,
            "desired_capacity": 3,
            "desired_capacity_type": "",
            "enabled_metrics": [],
            "force_delete": false,
            "force_delete_warm_pool": false,
            "health_check_grace_period": 300,
            "health_check_type": "ELB",
            "id": "khaleo-backend-asg",
            "ignore_failed_scaling_activities": false,
            "initial_lifecycle_hook": [],
            "instance_maintenance_policy": [],
            "instance_refresh": [],
            "launch_configuration": "",
            "launch_template": [
              {
                "id": "lt-0e8d87b1dcf091f67",
                "name": "khaleo-backend-20260318023857195800000007",
                "version": "$Latest"
              }
            ],
            "load_balancers": [],
            "max_instance_lifetime": 0,
            "max_size": 6,
            "metrics_granularity": "1Minute",
            "min_elb_capacity": null,
            "min_size": 3,
            "mixed_instances_policy": [],
            "name": "khaleo-backend-asg",
            "name_prefix": "",
            "placement_group": "",
            "predicted_capacity": 0,
            "protect_from_scale_in": false,
            "service_linked_role_arn": "arn:aws:iam::817888697629:role/aws-service-role/autoscaling.amazonaws.com/AWSServiceRoleForAutoScaling",
            "suspended_processes": [],
            "tag": [
              {
                "key": "Environment",
                "propagate_at_launch": true,
                "value": "dev"
              },
              {
                "key": "ManagedBy",
                "propagate_at_launch": true,
                "value": "Terraform"
              },
              {
                "key": "Name",
                "propagate_at_launch": true,
                "value": "khaleo-backend"
              },
              {
                "key": "Project",
                "propagate_at_launch": true,
                "value": "KhaLeoFlashcard"
              },
              {
                "key": "Role",
                "propagate_at_launch": true,
                "value": "khaleo-backend"
              }
            ],
            "target_group_arns": [
              "arn:aws:elasticloadbalancing:ap-southeast-1:817888697629:targetgroup/khaleo-backend-tg/4d7a815dddca791c"
            ],
            "termination_policies": [],
            "timeouts": null,
            "traffic_source": [
              {
                "identifier": "arn:aws:elasticloadbalancing:ap-southeast-1:817888697629:targetgroup/khaleo-backend-tg/4d7a815dddca791c",
                "type": "elbv2"
              }
            ],
            "vpc_zone_identifier": [
              "subnet-0df8e64451b32b94a",
              "subnet-0e9bfeea57748f916",
              "subnet-0f09002838f016d4e"
            ],
            "wait_for_capacity_timeout": "10m",
            "wait_for_elb_capacity": null,
            "warm_pool": [],
            "warm_pool_size": 0
          },
          "sensitive_attributes": [],
          "identity_schema_version": 0,
          "private": "eyJlMmJmYjczMC1lY2FhLTExZTYtOGY4OC0zNDM2M2JjN2M0YzAiOnsiZGVsZXRlIjo2MDAwMDAwMDAwMDAsInVwZGF0ZSI6NjAwMDAwMDAwMDAwfSwic2NoZW1hX3ZlcnNpb24iOiIxIn0=",
          "dependencies": [
            "aws_iam_instance_profile.backend_runtime",
            "aws_iam_role.backend_runtime",
            "aws_launch_template.backend",
            "aws_lb_target_group.backend",
            "aws_security_group.alb",
            "aws_security_group.backend",
            "aws_subnet.private",
            "aws_vpc.main",
            "data.aws_iam_policy_document.backend_instance_assume_role"
          ]
        }
      ]
    },
    {
      "mode": "managed",
      "type": "aws_cloudfront_distribution",
      "name": "frontend",
      "provider": "provider[\"registry.terraform.io/hashicorp/aws\"]",
      "instances": [
        {
          "schema_version": 1,
          "attributes": {
            "aliases": [
              "khaleoshop.click"
            ],
            "arn": "arn:aws:cloudfront::817888697629:distribution/E2ML39SU9XSAB8",
            "caller_reference": "terraform-20260318023828436100000004",
            "comment": null,
            "continuous_deployment_policy_id": "",
            "custom_error_response": [],
            "default_cache_behavior": [
              {
                "allowed_methods": [
                  "GET",
                  "HEAD",
                  "OPTIONS"
                ],
                "cache_policy_id": "",
                "cached_methods": [
                  "GET",
                  "HEAD"
                ],
                "compress": true,
                "default_ttl": 0,
                "field_level_encryption_id": "",
                "forwarded_values": [
                  {
                    "cookies": [
                      {
                        "forward": "none",
                        "whitelisted_names": []
                      }
                    ],
                    "headers": [],
                    "query_string": false,
                    "query_string_cache_keys": []
                  }
                ],
                "function_association": [],
                "grpc_config": [
                  {
                    "enabled": false
                  }
                ],
                "lambda_function_association": [],
                "max_ttl": 0,
                "min_ttl": 0,
                "origin_request_policy_id": "",
                "realtime_log_config_arn": "",
                "response_headers_policy_id": "",
                "smooth_streaming": false,
                "target_origin_id": "frontend-s3-origin",
                "trusted_key_groups": [],
                "trusted_signers": [],
                "viewer_protocol_policy": "redirect-to-https"
              }
            ],
            "default_root_object": "index.html",
            "domain_name": "d23yug88bmutiy.cloudfront.net",
            "enabled": true,
            "etag": "E3UN6WX5RRO2AG",
            "hosted_zone_id": "Z2FDTNDATAQYW2",
            "http_version": "http2",
            "id": "E2ML39SU9XSAB8",
            "in_progress_validation_batches": 0,
            "is_ipv6_enabled": true,
            "last_modified_time": "2026-03-18 03:58:15.245 +0000 UTC",
            "logging_config": [],
            "ordered_cache_behavior": [],
            "origin": [
              {
                "connection_attempts": 3,
                "connection_timeout": 10,
                "custom_header": [],
                "custom_origin_config": [],
                "domain_name": "khaleo-frontend-prod.s3.ap-southeast-1.amazonaws.com",
                "origin_access_control_id": "E183N7GQUEPCUA",
                "origin_id": "frontend-s3-origin",
                "origin_path": "",
                "origin_shield": [],
                "s3_origin_config": [],
                "vpc_origin_config": []
              }
            ],
            "origin_group": [],
            "price_class": "PriceClass_All",
            "restrictions": [
              {
                "geo_restriction": [
                  {
                    "locations": [],
                    "restriction_type": "none"
                  }
                ]
              }
            ],
            "retain_on_delete": false,
            "staging": false,
            "status": "Deployed",
            "tags": {
              "Environment": "dev",
              "ManagedBy": "Terraform",
              "Project": "KhaLeoFlashcard"
            },
            "tags_all": {
              "Environment": "dev",
              "ManagedBy": "Terraform",
              "Project": "KhaLeoFlashcard"
            },
            "trusted_key_groups": [
              {
                "enabled": false,
                "items": []
              }
            ],
            "trusted_signers": [
              {
                "enabled": false,
                "items": []
              }
            ],
            "viewer_certificate": [
              {
                "acm_certificate_arn": "arn:aws:acm:us-east-1:817888697629:certificate/d85d8044-0166-4ddd-9f4e-921d26f66836",
                "cloudfront_default_certificate": false,
                "iam_certificate_id": "",
                "minimum_protocol_version": "TLSv1.2_2021",
                "ssl_support_method": "sni-only"
              }
            ],
            "wait_for_deployment": true,
            "web_acl_id": ""
          },
          "sensitive_attributes": [],
          "identity_schema_version": 0,
          "private": "eyJzY2hlbWFfdmVyc2lvbiI6IjEifQ==",
          "dependencies": [
            "aws_acm_certificate.frontend_cert",
            "aws_acm_certificate_validation.frontend_cert",
            "aws_cloudfront_origin_access_control.frontend",
            "aws_route53_record.frontend_cert_validation",
            "aws_s3_bucket.frontend_bucket"
          ]
        }
      ]
    },
    {
      "mode": "managed",
      "type": "aws_cloudfront_origin_access_control",
      "name": "frontend",
      "provider": "provider[\"registry.terraform.io/hashicorp/aws\"]",
      "instances": [
        {
          "schema_version": 0,
          "attributes": {
            "arn": "arn:aws:cloudfront::817888697629:origin-access-control/E183N7GQUEPCUA",
            "description": "Origin access control for frontend bucket",
            "etag": "ETVPDKIKX0DER",
            "id": "E183N7GQUEPCUA",
            "name": "khaleo-frontend-oac",
            "origin_access_control_origin_type": "s3",
            "signing_behavior": "always",
            "signing_protocol": "sigv4"
          },
          "sensitive_attributes": [],
          "identity_schema_version": 0,
          "private": "bnVsbA=="
        }
      ]
    },
    {
      "mode": "managed",
      "type": "aws_cloudwatch_metric_alarm",
      "name": "admin_authorization_denials_high",
      "provider": "provider[\"registry.terraform.io/hashicorp/aws\"]",
      "instances": [
        {
          "schema_version": 1,
          "attributes": {
            "actions_enabled": true,
            "alarm_actions": [],
            "alarm_description": "High rate of admin authorization denials",
            "alarm_name": "khaleo-admin-authorization-denials-high",
            "arn": "arn:aws:cloudwatch:ap-southeast-1:817888697629:alarm:khaleo-admin-authorization-denials-high",
            "comparison_operator": "GreaterThanOrEqualToThreshold",
            "datapoints_to_alarm": 0,
            "dimensions": {
              "Service": "flashcard-backend"
            },
            "evaluate_low_sample_count_percentiles": "",
            "evaluation_periods": 1,
            "extended_statistic": "",
            "id": "khaleo-admin-authorization-denials-high",
            "insufficient_data_actions": [],
            "metric_name": "AdminAuthorizationDenied",
            "metric_query": [],
            "namespace": "KhaLeo/Backend",
            "ok_actions": [],
            "period": 300,
            "statistic": "Sum",
            "tags": {
              "Environment": "dev",
              "ManagedBy": "Terraform",
              "Project": "KhaLeoFlashcard"
            },
            "tags_all": {
              "Environment": "dev",
              "ManagedBy": "Terraform",
              "Project": "KhaLeoFlashcard"
            },
            "threshold": 5,
            "threshold_metric_id": "",
            "treat_missing_data": "notBreaching",
            "unit": ""
          },
          "sensitive_attributes": [],
          "identity_schema_version": 0,
          "private": "eyJzY2hlbWFfdmVyc2lvbiI6IjEifQ=="
        }
      ]
    },
    {
      "mode": "managed",
      "type": "aws_cloudwatch_metric_alarm",
      "name": "async_retry_or_dead_letter_high",
      "provider": "provider[\"registry.terraform.io/hashicorp/aws\"]",
      "instances": [
        {
          "schema_version": 1,
          "attributes": {
            "actions_enabled": true,
            "alarm_actions": [],
            "alarm_description": "High retry or dead-letter volume for async activity logs",
            "alarm_name": "khaleo-async-retry-dead-letter-high",
            "arn": "arn:aws:cloudwatch:ap-southeast-1:817888697629:alarm:khaleo-async-retry-dead-letter-high",
            "comparison_operator": "GreaterThanOrEqualToThreshold",
            "datapoints_to_alarm": 0,
            "dimensions": {
              "Service": "flashcard-backend"
            },
            "evaluate_low_sample_count_percentiles": "",
            "evaluation_periods": 1,
            "extended_statistic": "",
            "id": "khaleo-async-retry-dead-letter-high",
            "insufficient_data_actions": [],
            "metric_name": "ActivityLogRetryOrDeadLetter",
            "metric_query": [],
            "namespace": "KhaLeo/Backend",
            "ok_actions": [],
            "period": 60,
            "statistic": "Sum",
            "tags": {
              "Environment": "dev",
              "ManagedBy": "Terraform",
              "Project": "KhaLeoFlashcard"
            },
            "tags_all": {
              "Environment": "dev",
              "ManagedBy": "Terraform",
              "Project": "KhaLeoFlashcard"
            },
            "threshold": 3,
            "threshold_metric_id": "",
            "treat_missing_data": "notBreaching",
            "unit": ""
          },
          "sensitive_attributes": [],
          "identity_schema_version": 0,
          "private": "eyJzY2hlbWFfdmVyc2lvbiI6IjEifQ=="
        }
      ]
    },
    {
      "mode": "managed",
      "type": "aws_cloudwatch_metric_alarm",
      "name": "auth_failed_login_spike",
      "provider": "provider[\"registry.terraform.io/hashicorp/aws\"]",
      "instances": [
        {
          "schema_version": 1,
          "attributes": {
            "actions_enabled": true,
            "alarm_actions": [],
            "alarm_description": "Spike in failed login outcomes indicating brute-force risk",
            "alarm_name": "khaleo-auth-failed-login-spike",
            "arn": "arn:aws:cloudwatch:ap-southeast-1:817888697629:alarm:khaleo-auth-failed-login-spike",
            "comparison_operator": "GreaterThanOrEqualToThreshold",
            "datapoints_to_alarm": 0,
            "dimensions": {
              "Service": "flashcard-backend"
            },
            "evaluate_low_sample_count_percentiles": "",
            "evaluation_periods": 1,
            "extended_statistic": "",
            "id": "khaleo-auth-failed-login-spike",
            "insufficient_data_actions": [],
            "metric_name": "AuthFailedLogin",
            "metric_query": [],
            "namespace": "KhaLeo/Backend",
            "ok_actions": [],
            "period": 60,
            "statistic": "Sum",
            "tags": {
              "Environment": "dev",
              "ManagedBy": "Terraform",
              "Project": "KhaLeoFlashcard"
            },
            "tags_all": {
              "Environment": "dev",
              "ManagedBy": "Terraform",
              "Project": "KhaLeoFlashcard"
            },
            "threshold": 10,
            "threshold_metric_id": "",
            "treat_missing_data": "notBreaching",
            "unit": ""
          },
          "sensitive_attributes": [],
          "identity_schema_version": 0,
          "private": "eyJzY2hlbWFfdmVyc2lvbiI6IjEifQ=="
        }
      ]
    },
    {
      "mode": "managed",
      "type": "aws_cloudwatch_metric_alarm",
      "name": "auth_lockout_triggered",
      "provider": "provider[\"registry.terraform.io/hashicorp/aws\"]",
      "instances": [
        {
          "schema_version": 1,
          "attributes": {
            "actions_enabled": true,
            "alarm_actions": [],
            "alarm_description": "Account lockout events detected",
            "alarm_name": "khaleo-auth-lockout-triggered",
            "arn": "arn:aws:cloudwatch:ap-southeast-1:817888697629:alarm:khaleo-auth-lockout-triggered",
            "comparison_operator": "GreaterThanOrEqualToThreshold",
            "datapoints_to_alarm": 0,
            "dimensions": {
              "Service": "flashcard-backend"
            },
            "evaluate_low_sample_count_percentiles": "",
            "evaluation_periods": 1,
            "extended_statistic": "",
            "id": "khaleo-auth-lockout-triggered",
            "insufficient_data_actions": [],
            "metric_name": "AuthAccountLocked",
            "metric_query": [],
            "namespace": "KhaLeo/Backend",
            "ok_actions": [],
            "period": 300,
            "statistic": "Sum",
            "tags": {
              "Environment": "dev",
              "ManagedBy": "Terraform",
              "Project": "KhaLeoFlashcard"
            },
            "tags_all": {
              "Environment": "dev",
              "ManagedBy": "Terraform",
              "Project": "KhaLeoFlashcard"
            },
            "threshold": 1,
            "threshold_metric_id": "",
            "treat_missing_data": "notBreaching",
            "unit": ""
          },
          "sensitive_attributes": [],
          "identity_schema_version": 0,
          "private": "eyJzY2hlbWFfdmVyc2lvbiI6IjEifQ=="
        }
      ]
    },
    {
      "mode": "managed",
      "type": "aws_cloudwatch_metric_alarm",
      "name": "auth_refresh_rejection_high",
      "provider": "provider[\"registry.terraform.io/hashicorp/aws\"]",
      "instances": [
        {
          "schema_version": 1,
          "attributes": {
            "actions_enabled": true,
            "alarm_actions": [],
            "alarm_description": "High rate of refresh-token rejection events",
            "alarm_name": "khaleo-auth-refresh-rejection-high",
            "arn": "arn:aws:cloudwatch:ap-southeast-1:817888697629:alarm:khaleo-auth-refresh-rejection-high",
            "comparison_operator": "GreaterThanOrEqualToThreshold",
            "datapoints_to_alarm": 0,
            "dimensions": {
              "Service": "flashcard-backend"
            },
            "evaluate_low_sample_count_percentiles": "",
            "evaluation_periods": 1,
            "extended_statistic": "",
            "id": "khaleo-auth-refresh-rejection-high",
            "insufficient_data_actions": [],
            "metric_name": "AuthRefreshRejected",
            "metric_query": [],
            "namespace": "KhaLeo/Backend",
            "ok_actions": [],
            "period": 300,
            "statistic": "Sum",
            "tags": {
              "Environment": "dev",
              "ManagedBy": "Terraform",
              "Project": "KhaLeoFlashcard"
            },
            "tags_all": {
              "Environment": "dev",
              "ManagedBy": "Terraform",
              "Project": "KhaLeoFlashcard"
            },
            "threshold": 5,
            "threshold_metric_id": "",
            "treat_missing_data": "notBreaching",
            "unit": ""
          },
          "sensitive_attributes": [],
          "identity_schema_version": 0,
          "private": "eyJzY2hlbWFfdmVyc2lvbiI6IjEifQ=="
        }
      ]
    },
    {
      "mode": "managed",
      "type": "aws_cloudwatch_metric_alarm",
      "name": "backend_http_5xx_high",
      "provider": "provider[\"registry.terraform.io/hashicorp/aws\"]",
      "instances": [
        {
          "schema_version": 1,
          "attributes": {
            "actions_enabled": true,
            "alarm_actions": [],
            "alarm_description": "Elevated backend HTTP 5xx errors",
            "alarm_name": "khaleo-backend-http-5xx-high",
            "arn": "arn:aws:cloudwatch:ap-southeast-1:817888697629:alarm:khaleo-backend-http-5xx-high",
            "comparison_operator": "GreaterThanOrEqualToThreshold",
            "datapoints_to_alarm": 0,
            "dimensions": {
              "Service": "flashcard-backend"
            },
            "evaluate_low_sample_count_percentiles": "",
            "evaluation_periods": 1,
            "extended_statistic": "",
            "id": "khaleo-backend-http-5xx-high",
            "insufficient_data_actions": [],
            "metric_name": "Http5xx",
            "metric_query": [],
            "namespace": "KhaLeo/Backend",
            "ok_actions": [],
            "period": 300,
            "statistic": "Sum",
            "tags": {
              "Environment": "dev",
              "ManagedBy": "Terraform",
              "Project": "KhaLeoFlashcard"
            },
            "tags_all": {
              "Environment": "dev",
              "ManagedBy": "Terraform",
              "Project": "KhaLeoFlashcard"
            },
            "threshold": 5,
            "threshold_metric_id": "",
            "treat_missing_data": "notBreaching",
            "unit": ""
          },
          "sensitive_attributes": [],
          "identity_schema_version": 0,
          "private": "eyJzY2hlbWFfdmVyc2lvbiI6IjEifQ=="
        }
      ]
    },
    {
      "mode": "managed",
      "type": "aws_cloudwatch_metric_alarm",
      "name": "deck_media_operation_failure_high",
      "provider": "provider[\"registry.terraform.io/hashicorp/aws\"]",
      "instances": [
        {
          "schema_version": 1,
          "attributes": {
            "actions_enabled": true,
            "alarm_actions": [],
            "alarm_description": "Spike in deck/card/media operation failures",
            "alarm_name": "khaleo-deck-media-operation-failure-high",
            "arn": "arn:aws:cloudwatch:ap-southeast-1:817888697629:alarm:khaleo-deck-media-operation-failure-high",
            "comparison_operator": "GreaterThanOrEqualToThreshold",
            "datapoints_to_alarm": 0,
            "dimensions": {
              "Service": "flashcard-backend"
            },
            "evaluate_low_sample_count_percentiles": "",
            "evaluation_periods": 1,
            "extended_statistic": "",
            "id": "khaleo-deck-media-operation-failure-high",
            "insufficient_data_actions": [],
            "metric_name": "DeckMediaOperationFailure",
            "metric_query": [],
            "namespace": "KhaLeo/Backend",
            "ok_actions": [],
            "period": 60,
            "statistic": "Sum",
            "tags": {
              "Environment": "dev",
              "ManagedBy": "Terraform",
              "Project": "KhaLeoFlashcard"
            },
            "tags_all": {
              "Environment": "dev",
              "ManagedBy": "Terraform",
              "Project": "KhaLeoFlashcard"
            },
            "threshold": 3,
            "threshold_metric_id": "",
            "treat_missing_data": "notBreaching",
            "unit": ""
          },
          "sensitive_attributes": [],
          "identity_schema_version": 0,
          "private": "eyJzY2hlbWFfdmVyc2lvbiI6IjEifQ=="
        }
      ]
    },
    {
      "mode": "managed",
      "type": "aws_cloudwatch_metric_alarm",
      "name": "deployment_command_failure_high",
      "provider": "provider[\"registry.terraform.io/hashicorp/aws\"]",
      "instances": [
        {
          "schema_version": 1,
          "attributes": {
            "actions_enabled": true,
            "alarm_actions": [],
            "alarm_description": "Deployment target command failures detected",
            "alarm_name": "khaleo-deployment-command-failure-high",
            "arn": "arn:aws:cloudwatch:ap-southeast-1:817888697629:alarm:khaleo-deployment-command-failure-high",
            "comparison_operator": "GreaterThanOrEqualToThreshold",
            "datapoints_to_alarm": 0,
            "dimensions": {
              "Service": "flashcard-backend"
            },
            "evaluate_low_sample_count_percentiles": "",
            "evaluation_periods": 1,
            "extended_statistic": "",
            "id": "khaleo-deployment-command-failure-high",
            "insufficient_data_actions": [],
            "metric_name": "DeploymentCommandFailure",
            "metric_query": [],
            "namespace": "KhaLeo/Backend",
            "ok_actions": [],
            "period": 300,
            "statistic": "Sum",
            "tags": {
              "Environment": "dev",
              "ManagedBy": "Terraform",
              "Project": "KhaLeoFlashcard"
            },
            "tags_all": {
              "Environment": "dev",
              "ManagedBy": "Terraform",
              "Project": "KhaLeoFlashcard"
            },
            "threshold": 1,
            "threshold_metric_id": "",
            "treat_missing_data": "notBreaching",
            "unit": ""
          },
          "sensitive_attributes": [],
          "identity_schema_version": 0,
          "private": "eyJzY2hlbWFfdmVyc2lvbiI6IjEifQ=="
        }
      ]
    },
    {
      "mode": "managed",
      "type": "aws_cloudwatch_metric_alarm",
      "name": "deployment_workflow_failure_high",
      "provider": "provider[\"registry.terraform.io/hashicorp/aws\"]",
      "instances": [
        {
          "schema_version": 1,
          "attributes": {
            "actions_enabled": true,
            "alarm_actions": [],
            "alarm_description": "Deployment workflow failure signals detected",
            "alarm_name": "khaleo-deployment-workflow-failure-high",
            "arn": "arn:aws:cloudwatch:ap-southeast-1:817888697629:alarm:khaleo-deployment-workflow-failure-high",
            "comparison_operator": "GreaterThanOrEqualToThreshold",
            "datapoints_to_alarm": 0,
            "dimensions": {
              "Service": "flashcard-backend"
            },
            "evaluate_low_sample_count_percentiles": "",
            "evaluation_periods": 1,
            "extended_statistic": "",
            "id": "khaleo-deployment-workflow-failure-high",
            "insufficient_data_actions": [],
            "metric_name": "DeploymentWorkflowFailure",
            "metric_query": [],
            "namespace": "KhaLeo/Backend",
            "ok_actions": [],
            "period": 300,
            "statistic": "Sum",
            "tags": {
              "Environment": "dev",
              "ManagedBy": "Terraform",
              "Project": "KhaLeoFlashcard"
            },
            "tags_all": {
              "Environment": "dev",
              "ManagedBy": "Terraform",
              "Project": "KhaLeoFlashcard"
            },
            "threshold": 1,
            "threshold_metric_id": "",
            "treat_missing_data": "notBreaching",
            "unit": ""
          },
          "sensitive_attributes": [],
          "identity_schema_version": 0,
          "private": "eyJzY2hlbWFfdmVyc2lvbiI6IjEifQ=="
        }
      ]
    },
    {
      "mode": "managed",
      "type": "aws_cloudwatch_metric_alarm",
      "name": "media_authorization_rate_limited_high",
      "provider": "provider[\"registry.terraform.io/hashicorp/aws\"]",
      "instances": [
        {
          "schema_version": 1,
          "attributes": {
            "actions_enabled": true,
            "alarm_actions": [],
            "alarm_description": "High rate of media authorization throttling events",
            "alarm_name": "khaleo-media-authorization-rate-limited-high",
            "arn": "arn:aws:cloudwatch:ap-southeast-1:817888697629:alarm:khaleo-media-authorization-rate-limited-high",
            "comparison_operator": "GreaterThanOrEqualToThreshold",
            "datapoints_to_alarm": 0,
            "dimensions": {
              "Service": "flashcard-backend"
            },
            "evaluate_low_sample_count_percentiles": "",
            "evaluation_periods": 1,
            "extended_statistic": "",
            "id": "khaleo-media-authorization-rate-limited-high",
            "insufficient_data_actions": [],
            "metric_name": "MediaAuthorizationRateLimited",
            "metric_query": [],
            "namespace": "KhaLeo/Backend",
            "ok_actions": [],
            "period": 60,
            "statistic": "Sum",
            "tags": {
              "Environment": "dev",
              "ManagedBy": "Terraform",
              "Project": "KhaLeoFlashcard"
            },
            "tags_all": {
              "Environment": "dev",
              "ManagedBy": "Terraform",
              "Project": "KhaLeoFlashcard"
            },
            "threshold": 10,
            "threshold_metric_id": "",
            "treat_missing_data": "notBreaching",
            "unit": ""
          },
          "sensitive_attributes": [],
          "identity_schema_version": 0,
          "private": "eyJzY2hlbWFfdmVyc2lvbiI6IjEifQ=="
        }
      ]
    },
    {
      "mode": "managed",
      "type": "aws_cloudwatch_metric_alarm",
      "name": "media_cleanup_failure_high",
      "provider": "provider[\"registry.terraform.io/hashicorp/aws\"]",
      "instances": [
        {
          "schema_version": 1,
          "attributes": {
            "actions_enabled": true,
            "alarm_actions": [],
            "alarm_description": "Media cleanup failures detected",
            "alarm_name": "khaleo-media-cleanup-failure-high",
            "arn": "arn:aws:cloudwatch:ap-southeast-1:817888697629:alarm:khaleo-media-cleanup-failure-high",
            "comparison_operator": "GreaterThanOrEqualToThreshold",
            "datapoints_to_alarm": 0,
            "dimensions": {
              "Service": "flashcard-backend"
            },
            "evaluate_low_sample_count_percentiles": "",
            "evaluation_periods": 1,
            "extended_statistic": "",
            "id": "khaleo-media-cleanup-failure-high",
            "insufficient_data_actions": [],
            "metric_name": "MediaCleanupFailure",
            "metric_query": [],
            "namespace": "KhaLeo/Backend",
            "ok_actions": [],
            "period": 300,
            "statistic": "Sum",
            "tags": {
              "Environment": "dev",
              "ManagedBy": "Terraform",
              "Project": "KhaLeoFlashcard"
            },
            "tags_all": {
              "Environment": "dev",
              "ManagedBy": "Terraform",
              "Project": "KhaLeoFlashcard"
            },
            "threshold": 1,
            "threshold_metric_id": "",
            "treat_missing_data": "notBreaching",
            "unit": ""
          },
          "sensitive_attributes": [],
          "identity_schema_version": 0,
          "private": "eyJzY2hlbWFfdmVyc2lvbiI6IjEifQ=="
        }
      ]
    },
    {
      "mode": "managed",
      "type": "aws_cloudwatch_metric_alarm",
      "name": "persistence_error_rate_high",
      "provider": "provider[\"registry.terraform.io/hashicorp/aws\"]",
      "instances": [
        {
          "schema_version": 1,
          "attributes": {
            "actions_enabled": true,
            "alarm_actions": [],
            "alarm_description": "High persistence error rate in backend logs",
            "alarm_name": "khaleo-persistence-error-rate-high",
            "arn": "arn:aws:cloudwatch:ap-southeast-1:817888697629:alarm:khaleo-persistence-error-rate-high",
            "comparison_operator": "GreaterThanOrEqualToThreshold",
            "datapoints_to_alarm": 0,
            "dimensions": {
              "Service": "flashcard-backend"
            },
            "evaluate_low_sample_count_percentiles": "",
            "evaluation_periods": 1,
            "extended_statistic": "",
            "id": "khaleo-persistence-error-rate-high",
            "insufficient_data_actions": [],
            "metric_name": "PersistenceWriteErrors",
            "metric_query": [],
            "namespace": "KhaLeo/Backend",
            "ok_actions": [],
            "period": 60,
            "statistic": "Sum",
            "tags": {
              "Environment": "dev",
              "ManagedBy": "Terraform",
              "Project": "KhaLeoFlashcard"
            },
            "tags_all": {
              "Environment": "dev",
              "ManagedBy": "Terraform",
              "Project": "KhaLeoFlashcard"
            },
            "threshold": 5,
            "threshold_metric_id": "",
            "treat_missing_data": "notBreaching",
            "unit": ""
          },
          "sensitive_attributes": [],
          "identity_schema_version": 0,
          "private": "eyJzY2hlbWFfdmVyc2lvbiI6IjEifQ=="
        }
      ]
    },
    {
      "mode": "managed",
      "type": "aws_db_subnet_group",
      "name": "aurora",
      "provider": "provider[\"registry.terraform.io/hashicorp/aws\"]",
      "instances": [
        {
          "schema_version": 0,
          "attributes": {
            "arn": "arn:aws:rds:ap-southeast-1:817888697629:subgrp:khaleo-aurora-subnets",
            "description": "Managed by Terraform",
            "id": "khaleo-aurora-subnets",
            "name": "khaleo-aurora-subnets",
            "name_prefix": "",
            "subnet_ids": [
              "subnet-0df8e64451b32b94a",
              "subnet-0e9bfeea57748f916",
              "subnet-0f09002838f016d4e"
            ],
            "supported_network_types": [
              "IPV4"
            ],
            "tags": {
              "Environment": "dev",
              "ManagedBy": "Terraform",
              "Name": "khaleo-aurora-subnets",
              "Project": "KhaLeoFlashcard"
            },
            "tags_all": {
              "Environment": "dev",
              "ManagedBy": "Terraform",
              "Name": "khaleo-aurora-subnets",
              "Project": "KhaLeoFlashcard"
            },
            "vpc_id": "vpc-0ccaf1311936d9094"
          },
          "sensitive_attributes": [],
          "identity_schema_version": 0,
          "private": "bnVsbA==",
          "dependencies": [
            "aws_subnet.private",
            "aws_vpc.main"
          ]
        }
      ]
    },
    {
      "mode": "managed",
      "type": "aws_dynamodb_table",
      "name": "study_activity_log",
      "provider": "provider[\"registry.terraform.io/hashicorp/aws\"]",
      "instances": [
        {
          "schema_version": 1,
          "attributes": {
            "arn": "arn:aws:dynamodb:ap-southeast-1:817888697629:table/StudyActivityLog",
            "attribute": [
              {
                "name": "logId",
                "type": "S"
              },
              {
                "name": "timestamp",
                "type": "S"
              },
              {
                "name": "userId",
                "type": "S"
              }
            ],
            "billing_mode": "PAY_PER_REQUEST",
            "deletion_protection_enabled": false,
            "global_secondary_index": [
              {
                "hash_key": "userId",
                "name": "userId-timestamp-index",
                "non_key_attributes": [],
                "on_demand_throughput": [],
                "projection_type": "ALL",
                "range_key": "timestamp",
                "read_capacity": 0,
                "write_capacity": 0
              }
            ],
            "hash_key": "logId",
            "id": "StudyActivityLog",
            "import_table": [],
            "local_secondary_index": [],
            "name": "StudyActivityLog",
            "on_demand_throughput": [],
            "point_in_time_recovery": [
              {
                "enabled": false,
                "recovery_period_in_days": 0
              }
            ],
            "range_key": "timestamp",
            "read_capacity": 0,
            "replica": [],
            "restore_date_time": null,
            "restore_source_name": null,
            "restore_source_table_arn": null,
            "restore_to_latest_time": null,
            "server_side_encryption": [],
            "stream_arn": "",
            "stream_enabled": false,
            "stream_label": "",
            "stream_view_type": "",
            "table_class": "STANDARD",
            "tags": {
              "Environment": "dev",
              "ManagedBy": "Terraform",
              "Project": "KhaLeoFlashcard"
            },
            "tags_all": {
              "Environment": "dev",
              "ManagedBy": "Terraform",
              "Project": "KhaLeoFlashcard"
            },
            "timeouts": null,
            "ttl": [
              {
                "attribute_name": "",
                "enabled": false
              }
            ],
            "write_capacity": 0
          },
          "sensitive_attributes": [],
          "identity_schema_version": 0,
          "private": "eyJlMmJmYjczMC1lY2FhLTExZTYtOGY4OC0zNDM2M2JjN2M0YzAiOnsiY3JlYXRlIjoxODAwMDAwMDAwMDAwLCJkZWxldGUiOjYwMDAwMDAwMDAwMCwidXBkYXRlIjozNjAwMDAwMDAwMDAwfSwic2NoZW1hX3ZlcnNpb24iOiIxIn0="
        }
      ]
    },
    {
      "mode": "managed",
      "type": "aws_eip",
      "name": "nat",
      "provider": "provider[\"registry.terraform.io/hashicorp/aws\"]",
      "instances": [
        {
          "schema_version": 0,
          "attributes": {
            "address": null,
            "allocation_id": "eipalloc-0b349b70577bad17f",
            "arn": "arn:aws:ec2:ap-southeast-1:817888697629:elastic-ip/eipalloc-0b349b70577bad17f",
            "associate_with_private_ip": null,
            "association_id": "eipassoc-0bd3068ce9bd5f082",
            "carrier_ip": "",
            "customer_owned_ip": "",
            "customer_owned_ipv4_pool": "",
            "domain": "vpc",
            "id": "eipalloc-0b349b70577bad17f",
            "instance": "",
            "ipam_pool_id": null,
            "network_border_group": "ap-southeast-1",
            "network_interface": "eni-0b7dedb87945b0806",
            "private_dns": "ip-10-42-0-250.ap-southeast-1.compute.internal",
            "private_ip": "10.42.0.250",
            "ptr_record": "",
            "public_dns": "ec2-52-220-155-149.ap-southeast-1.compute.amazonaws.com",
            "public_ip": "52.220.155.149",
            "public_ipv4_pool": "amazon",
            "tags": {},
            "tags_all": {},
            "timeouts": null,
            "vpc": true
          },
          "sensitive_attributes": [],
          "identity_schema_version": 0,
          "private": "eyJlMmJmYjczMC1lY2FhLTExZTYtOGY4OC0zNDM2M2JjN2M0YzAiOnsiZGVsZXRlIjoxODAwMDAwMDAwMDAsInJlYWQiOjkwMDAwMDAwMDAwMCwidXBkYXRlIjozMDAwMDAwMDAwMDB9fQ==",
          "dependencies": [
            "aws_internet_gateway.main",
            "aws_vpc.main"
          ]
        }
      ]
    },
    {
      "mode": "managed",
      "type": "aws_iam_instance_profile",
      "name": "backend_runtime",
      "provider": "provider[\"registry.terraform.io/hashicorp/aws\"]",
      "instances": [
        {
          "schema_version": 0,
          "attributes": {
            "arn": "arn:aws:iam::817888697629:instance-profile/khaleo-backend-runtime-profile",
            "create_date": "2026-03-18T02:38:29Z",
            "id": "khaleo-backend-runtime-profile",
            "name": "khaleo-backend-runtime-profile",
            "name_prefix": "",
            "path": "/",
            "role": "khaleo-backend-runtime-role",
            "tags": {},
            "tags_all": {},
            "unique_id": "AIPA343PXDUO5EUA5PZ3A"
          },
          "sensitive_attributes": [],
          "identity_schema_version": 0,
          "private": "bnVsbA==",
          "dependencies": [
            "aws_iam_role.backend_runtime",
            "data.aws_iam_policy_document.backend_instance_assume_role"
          ]
        }
      ]
    },
    {
      "mode": "managed",
      "type": "aws_iam_openid_connect_provider",
      "name": "github_actions",
      "provider": "provider[\"registry.terraform.io/hashicorp/aws\"]",
      "instances": [
        {
          "schema_version": 0,
          "attributes": {
            "arn": "arn:aws:iam::817888697629:oidc-provider/token.actions.githubusercontent.com",
            "client_id_list": [
              "sts.amazonaws.com"
            ],
            "id": "arn:aws:iam::817888697629:oidc-provider/token.actions.githubusercontent.com",
            "tags": {},
            "tags_all": {},
            "thumbprint_list": [
              "6938fd4d98bab03faadb97b34396831e3780aea1"
            ],
            "url": "token.actions.githubusercontent.com"
          },
          "sensitive_attributes": [],
          "identity_schema_version": 0,
          "private": "bnVsbA=="
        }
      ]
    },
    {
      "mode": "managed",
      "type": "aws_iam_policy",
      "name": "backend_runtime",
      "provider": "provider[\"registry.terraform.io/hashicorp/aws\"]",
      "instances": [
        {
          "schema_version": 0,
          "attributes": {
            "arn": "arn:aws:iam::817888697629:policy/KhaLeoBackendRuntimePolicy",
            "attachment_count": 1,
            "description": "",
            "id": "arn:aws:iam::817888697629:policy/KhaLeoBackendRuntimePolicy",
            "name": "KhaLeoBackendRuntimePolicy",
            "name_prefix": "",
            "path": "/",
            "policy": "{\"Statement\":[{\"Action\":[\"secretsmanager:GetSecretValue\"],\"Effect\":\"Allow\",\"Resource\":[\"arn:aws:secretsmanager:ap-southeast-1:817888697629:secret:khaleo/prod/db-credentials-wbinxh\",\"arn:aws:secretsmanager:ap-southeast-1:817888697629:secret:khaleo/prod/jwt-secret-OX7eza\",\"arn:aws:secretsmanager:ap-southeast-1:817888697629:secret:khaleo/prod/ses-credentials-XSXaga\"],\"Sid\":\"ReadRuntimeSecrets\"},{\"Action\":[\"s3:GetObject\",\"s3:ListBucket\"],\"Effect\":\"Allow\",\"Resource\":[\"arn:aws:s3:::kha-leo-build-artifacts\",\"arn:aws:s3:::kha-leo-build-artifacts/*\"],\"Sid\":\"ReadBackendArtifacts\"}],\"Version\":\"2012-10-17\"}",
            "policy_id": "ANPA343PXDUOU3FOJBBMF",
            "tags": {},
            "tags_all": {}
          },
          "sensitive_attributes": [],
          "identity_schema_version": 0,
          "private": "bnVsbA==",
          "dependencies": [
            "aws_s3_bucket.artifact_bucket",
            "aws_secretsmanager_secret.db_credentials",
            "aws_secretsmanager_secret.jwt_secret",
            "aws_secretsmanager_secret.ses_credentials"
          ]
        }
      ]
    },
    {
      "mode": "managed",
      "type": "aws_iam_policy",
      "name": "github_actions_deploy",
      "provider": "provider[\"registry.terraform.io/hashicorp/aws\"]",
      "instances": [
        {
          "schema_version": 0,
          "attributes": {
            "arn": "arn:aws:iam::817888697629:policy/GitHubActionsKhaLeoDeployPolicy",
            "attachment_count": 1,
            "description": "",
            "id": "arn:aws:iam::817888697629:policy/GitHubActionsKhaLeoDeployPolicy",
            "name": "GitHubActionsKhaLeoDeployPolicy",
            "name_prefix": "",
            "path": "/",
            "policy": "{\"Statement\":[{\"Action\":[\"s3:PutObject\",\"s3:GetObject\",\"s3:AbortMultipartUpload\",\"s3:ListBucket\"],\"Effect\":\"Allow\",\"Resource\":[\"arn:aws:s3:::kha-leo-build-artifacts\",\"arn:aws:s3:::kha-leo-build-artifacts/*\"],\"Sid\":\"S3ArtifactBucketReadWrite\"},{\"Action\":[\"s3:GetObject\",\"s3:PutObject\",\"s3:DeleteObject\",\"s3:ListBucket\"],\"Effect\":\"Allow\",\"Resource\":[\"arn:aws:s3:::khaleo-tf-state-backend\",\"arn:aws:s3:::khaleo-tf-state-backend/*\"],\"Sid\":\"TerraformStateAccess\"},{\"Action\":[\"s3:PutObject\",\"s3:GetObject\",\"s3:DeleteObject\",\"s3:AbortMultipartUpload\",\"s3:ListBucket\"],\"Effect\":\"Allow\",\"Resource\":[\"arn:aws:s3:::khaleo-frontend-prod\",\"arn:aws:s3:::khaleo-frontend-prod/*\"],\"Sid\":\"S3FrontendBucketDeploy\"},{\"Action\":[\"cloudfront:CreateInvalidation\",\"cloudfront:GetInvalidation\"],\"Effect\":\"Allow\",\"Resource\":\"arn:aws:cloudfront::817888697629:distribution/E2ML39SU9XSAB8\",\"Sid\":\"CloudFrontInvalidate\"},{\"Action\":[\"ssm:SendCommand\",\"ssm:ListCommandInvocations\",\"ssm:GetCommandInvocation\",\"ssm:ListCommands\"],\"Effect\":\"Allow\",\"Resource\":[\"arn:aws:ssm:ap-southeast-1:*:document/AWS-RunShellScript\",\"arn:aws:ec2:ap-southeast-1:*:instance/*\",\"arn:aws:ssm:ap-southeast-1:*:command/*\",\"arn:aws:ssm:ap-southeast-1:817888697629:*\"],\"Sid\":\"SsmDeployCommands\"},{\"Action\":[\"dynamodb:GetItem\",\"dynamodb:PutItem\",\"dynamodb:DeleteItem\",\"dynamodb:DescribeTable\"],\"Effect\":\"Allow\",\"Resource\":\"arn:aws:dynamodb:ap-southeast-1:817888697629:table/khaleo-tf-state-lock\",\"Sid\":\"TerraformStateLock\"},{\"Action\":[\"ec2:Describe*\",\"elasticloadbalancing:Describe*\",\"cloudwatch:Describe*\",\"cloudwatch:Get*\",\"cloudwatch:ListTagsForResource\",\"logs:Describe*\",\"logs:Get*\",\"dynamodb:Describe*\",\"dynamodb:GetItem\",\"dynamodb:ListTagsOfResource\",\"s3:GetBucket*\",\"s3:GetObject\",\"s3:GetAccelerateConfiguration\",\"s3:GetLifecycleConfiguration\",\"wafv2:Get*\",\"wafv2:List*\",\"cloudfront:Get*\",\"cloudfront:List*\",\"iam:Get*\",\"iam:List*\",\"secretsmanager:DescribeSecret\",\"secretsmanager:GetSecretValue\",\"secretsmanager:GetResourcePolicy\",\"autoscaling:DescribeAutoScalingGroups\"],\"Effect\":\"Allow\",\"Resource\":\"*\",\"Sid\":\"TerraformReadAll\"},{\"Action\":[\"s3:*\",\"dynamodb:*\",\"cloudwatch:*\",\"logs:*\",\"ec2:*\",\"autoscaling:*\",\"elasticloadbalancing:*\",\"secretsmanager:*\",\"iam:PassRole\",\"iam:Get*\",\"iam:List*\"],\"Effect\":\"Allow\",\"Resource\":\"*\"},{\"Action\":[\"ec2:DescribeInstances\",\"ec2:DescribeTags\",\"elasticloadbalancing:DescribeTargetHealth\"],\"Effect\":\"Allow\",\"Resource\":\"*\",\"Sid\":\"Ec2DescribeForTargetResolution\"}],\"Version\":\"2012-10-17\"}",
            "policy_id": "ANPA343PXDUO45YPZHZC2",
            "tags": {},
            "tags_all": {}
          },
          "sensitive_attributes": [],
          "identity_schema_version": 0,
          "private": "bnVsbA==",
          "dependencies": [
            "aws_acm_certificate.frontend_cert",
            "aws_acm_certificate_validation.frontend_cert",
            "aws_cloudfront_distribution.frontend",
            "aws_cloudfront_origin_access_control.frontend",
            "aws_route53_record.frontend_cert_validation",
            "aws_s3_bucket.frontend_bucket",
            "data.aws_caller_identity.current"
          ]
        }
      ]
    },
    {
      "mode": "managed",
      "type": "aws_iam_role",
      "name": "backend_runtime",
      "provider": "provider[\"registry.terraform.io/hashicorp/aws\"]",
      "instances": [
        {
          "schema_version": 0,
          "attributes": {
            "arn": "arn:aws:iam::817888697629:role/khaleo-backend-runtime-role",
            "assume_role_policy": "{\"Statement\":[{\"Action\":\"sts:AssumeRole\",\"Effect\":\"Allow\",\"Principal\":{\"Service\":\"ec2.amazonaws.com\"},\"Sid\":\"Ec2AssumeRole\"}],\"Version\":\"2012-10-17\"}",
            "create_date": "2026-03-18T02:38:27Z",
            "description": "",
            "force_detach_policies": false,
            "id": "khaleo-backend-runtime-role",
            "inline_policy": [],
            "managed_policy_arns": [
              "arn:aws:iam::817888697629:policy/KhaLeoBackendRuntimePolicy",
              "arn:aws:iam::aws:policy/AmazonSSMManagedInstanceCore"
            ],
            "max_session_duration": 3600,
            "name": "khaleo-backend-runtime-role",
            "name_prefix": "",
            "path": "/",
            "permissions_boundary": "",
            "tags": {},
            "tags_all": {},
            "unique_id": "AROA343PXDUO7LTBZTPZH"
          },
          "sensitive_attributes": [],
          "identity_schema_version": 0,
          "private": "bnVsbA==",
          "dependencies": [
            "data.aws_iam_policy_document.backend_instance_assume_role"
          ]
        }
      ]
    },
    {
      "mode": "managed",
      "type": "aws_iam_role",
      "name": "github_actions_deploy",
      "provider": "provider[\"registry.terraform.io/hashicorp/aws\"]",
      "instances": [
        {
          "schema_version": 0,
          "attributes": {
            "arn": "arn:aws:iam::817888697629:role/github-actions-khaleo-prod-role",
            "assume_role_policy": "{\"Statement\":[{\"Action\":\"sts:AssumeRoleWithWebIdentity\",\"Condition\":{\"StringEquals\":{\"token.actions.githubusercontent.com:aud\":\"sts.amazonaws.com\",\"token.actions.githubusercontent.com:sub\":\"repo:brvkha/KhaLeo:environment:production\"}},\"Effect\":\"Allow\",\"Principal\":{\"Federated\":\"arn:aws:iam::817888697629:oidc-provider/token.actions.githubusercontent.com\"},\"Sid\":\"GitHubActionsAssumeRole\"}],\"Version\":\"2012-10-17\"}",
            "create_date": "2026-03-18T02:38:29Z",
            "description": "",
            "force_detach_policies": false,
            "id": "github-actions-khaleo-prod-role",
            "inline_policy": [],
            "managed_policy_arns": [
              "arn:aws:iam::817888697629:policy/GitHubActionsKhaLeoDeployPolicy"
            ],
            "max_session_duration": 3600,
            "name": "github-actions-khaleo-prod-role",
            "name_prefix": "",
            "path": "/",
            "permissions_boundary": "",
            "tags": {},
            "tags_all": {},
            "unique_id": "AROA343PXDUOZ6CRS46AW"
          },
          "sensitive_attributes": [],
          "identity_schema_version": 0,
          "private": "bnVsbA==",
          "dependencies": [
            "aws_iam_openid_connect_provider.github_actions",
            "data.aws_iam_policy_document.github_actions_oidc_assume_role"
          ]
        }
      ]
    },
    {
      "mode": "managed",
      "type": "aws_iam_role_policy_attachment",
      "name": "backend_runtime",
      "provider": "provider[\"registry.terraform.io/hashicorp/aws\"]",
      "instances": [
        {
          "schema_version": 0,
          "attributes": {
            "id": "khaleo-backend-runtime-role-20260318025616115600000001",
            "policy_arn": "arn:aws:iam::817888697629:policy/KhaLeoBackendRuntimePolicy",
            "role": "khaleo-backend-runtime-role"
          },
          "sensitive_attributes": [],
          "identity_schema_version": 0,
          "private": "bnVsbA==",
          "dependencies": [
            "aws_iam_policy.backend_runtime",
            "aws_iam_role.backend_runtime",
            "aws_s3_bucket.artifact_bucket",
            "aws_secretsmanager_secret.db_credentials",
            "aws_secretsmanager_secret.jwt_secret",
            "aws_secretsmanager_secret.ses_credentials",
            "data.aws_iam_policy_document.backend_instance_assume_role"
          ]
        }
      ]
    },
    {
      "mode": "managed",
      "type": "aws_iam_role_policy_attachment",
      "name": "backend_runtime_ssm",
      "provider": "provider[\"registry.terraform.io/hashicorp/aws\"]",
      "instances": [
        {
          "schema_version": 0,
          "attributes": {
            "id": "khaleo-backend-runtime-role-20260318023830970000000005",
            "policy_arn": "arn:aws:iam::aws:policy/AmazonSSMManagedInstanceCore",
            "role": "khaleo-backend-runtime-role"
          },
          "sensitive_attributes": [],
          "identity_schema_version": 0,
          "private": "bnVsbA==",
          "dependencies": [
            "aws_iam_role.backend_runtime",
            "data.aws_iam_policy_document.backend_instance_assume_role"
          ]
        }
      ]
    },
    {
      "mode": "managed",
      "type": "aws_iam_role_policy_attachment",
      "name": "github_actions_deploy",
      "provider": "provider[\"registry.terraform.io/hashicorp/aws\"]",
      "instances": [
        {
          "schema_version": 0,
          "attributes": {
            "id": "github-actions-khaleo-prod-role-2026031802411880920000000b",
            "policy_arn": "arn:aws:iam::817888697629:policy/GitHubActionsKhaLeoDeployPolicy",
            "role": "github-actions-khaleo-prod-role"
          },
          "sensitive_attributes": [],
          "identity_schema_version": 0,
          "private": "bnVsbA==",
          "dependencies": [
            "aws_acm_certificate.frontend_cert",
            "aws_acm_certificate_validation.frontend_cert",
            "aws_cloudfront_distribution.frontend",
            "aws_cloudfront_origin_access_control.frontend",
            "aws_iam_openid_connect_provider.github_actions",
            "aws_iam_policy.github_actions_deploy",
            "aws_iam_role.github_actions_deploy",
            "aws_route53_record.frontend_cert_validation",
            "aws_s3_bucket.frontend_bucket",
            "data.aws_caller_identity.current",
            "data.aws_iam_policy_document.github_actions_oidc_assume_role"
          ]
        }
      ]
    },
    {
      "mode": "managed",
      "type": "aws_internet_gateway",
      "name": "main",
      "provider": "provider[\"registry.terraform.io/hashicorp/aws\"]",
      "instances": [
        {
          "schema_version": 0,
          "attributes": {
            "arn": "arn:aws:ec2:ap-southeast-1:817888697629:internet-gateway/igw-036f20eedc0bd4a59",
            "id": "igw-036f20eedc0bd4a59",
            "owner_id": "817888697629",
            "tags": {
              "Environment": "dev",
              "ManagedBy": "Terraform",
              "Name": "khaleo-igw",
              "Project": "KhaLeoFlashcard"
            },
            "tags_all": {
              "Environment": "dev",
              "ManagedBy": "Terraform",
              "Name": "khaleo-igw",
              "Project": "KhaLeoFlashcard"
            },
            "timeouts": null,
            "vpc_id": "vpc-0ccaf1311936d9094"
          },
          "sensitive_attributes": [],
          "identity_schema_version": 0,
          "private": "eyJlMmJmYjczMC1lY2FhLTExZTYtOGY4OC0zNDM2M2JjN2M0YzAiOnsiY3JlYXRlIjoxMjAwMDAwMDAwMDAwLCJkZWxldGUiOjEyMDAwMDAwMDAwMDAsInVwZGF0ZSI6MTIwMDAwMDAwMDAwMH19",
          "dependencies": [
            "aws_vpc.main"
          ]
        }
      ]
    },
    {
      "mode": "managed",
      "type": "aws_launch_template",
      "name": "backend",
      "provider": "provider[\"registry.terraform.io/hashicorp/aws\"]",
      "instances": [
        {
          "schema_version": 0,
          "attributes": {
            "arn": "arn:aws:ec2:ap-southeast-1:817888697629:launch-template/lt-0e8d87b1dcf091f67",
            "block_device_mappings": [],
            "capacity_reservation_specification": [],
            "cpu_options": [],
            "credit_specification": [],
            "default_version": 1,
            "description": "",
            "disable_api_stop": false,
            "disable_api_termination": false,
            "ebs_optimized": "",
            "elastic_gpu_specifications": [],
            "elastic_inference_accelerator": [],
            "enclave_options": [],
            "hibernation_options": [],
            "iam_instance_profile": [
              {
                "arn": "",
                "name": "khaleo-backend-runtime-profile"
              }
            ],
            "id": "lt-0e8d87b1dcf091f67",
            "image_id": "ami-0be9cb9f67c8dabd6",
            "instance_initiated_shutdown_behavior": "",
            "instance_market_options": [],
            "instance_requirements": [],
            "instance_type": "t3.micro",
            "kernel_id": "",
            "key_name": "",
            "latest_version": 4,
            "license_specification": [],
            "maintenance_options": [],
            "metadata_options": [
              {
                "http_endpoint": "enabled",
                "http_protocol_ipv6": "",
                "http_put_response_hop_limit": 0,
                "http_tokens": "required",
                "instance_metadata_tags": ""
              }
            ],
            "monitoring": [],
            "name": "khaleo-backend-20260318023857195800000007",
            "name_prefix": "khaleo-backend-",
            "network_interfaces": [],
            "placement": [],
            "private_dns_name_options": [],
            "ram_disk_id": "",
            "security_group_names": [],
            "tag_specifications": [
              {
                "resource_type": "instance",
                "tags": {
                  "Environment": "dev",
                  "ManagedBy": "Terraform",
                  "Name": "khaleo-backend",
                  "Project": "KhaLeoFlashcard",
                  "Role": "khaleo-backend"
                }
              }
            ],
            "tags": {
              "Environment": "dev",
              "ManagedBy": "Terraform",
              "Project": "KhaLeoFlashcard"
            },
            "tags_all": {
              "Environment": "dev",
              "ManagedBy": "Terraform",
              "Project": "KhaLeoFlashcard"
            },
            "update_default_version": null,
            "user_data": "IyEvYmluL2Jhc2gNCnNldCAtZXVvIHBpcGVmYWlsDQoNCiMgQ8OgaSDEkeG6t3QgSmF2YSAxNyB2w6AgQVdTIENMSQ0KZG5mIHVwZGF0ZSAteQ0KZG5mIGluc3RhbGwgLXkgamF2YS0xNy1hbWF6b24tY29ycmV0dG8gYXdzY2xpIHB5dGhvbjMNCm1rZGlyIC1wIC9vcHQva2hhbGVvL2ZsYXNoY2FyZC1iYWNrZW5kDQoNCiMgVOG6oW8gZmlsZSBzZXJ2aWNlIChLSMOUTkcgxJDGr+G7okMgVEjhu6RUIEzhu4Ag4bueIMSQw4JZKQ0KY2F0IDw8RU9GID4gL2V0Yy9zeXN0ZW1kL3N5c3RlbS9mbGFzaGNhcmQtYmFja2VuZC5zZXJ2aWNlDQpbVW5pdF0NCkRlc2NyaXB0aW9uPUtoYUxlbyBCYWNrZW5kDQpBZnRlcj1uZXR3b3JrLnRhcmdldA0KDQpbU2VydmljZV0NClR5cGU9c2ltcGxlDQpXb3JraW5nRGlyZWN0b3J5PS9vcHQva2hhbGVvL2ZsYXNoY2FyZC1iYWNrZW5kDQpFbnZpcm9ubWVudEZpbGU9LS9vcHQva2hhbGVvL2ZsYXNoY2FyZC1iYWNrZW5kL3J1bnRpbWUtc2VjcmV0cy5lbnYNCkV4ZWNTdGFydD0vdXNyL2Jpbi9qYXZhIC1qYXIgL29wdC9raGFsZW8vZmxhc2hjYXJkLWJhY2tlbmQvY3VycmVudC5qYXINClJlc3RhcnQ9YWx3YXlzDQpSZXN0YXJ0U2VjPTUNClN1Y2Nlc3NFeGl0U3RhdHVzPTE0Mw0KDQpbSW5zdGFsbF0NCldhbnRlZEJ5PW11bHRpLXVzZXIudGFyZ2V0DQpFT0YNCg0KIyBU4bqjaSBs4bqhaSBj4bqldSBow6xuaCB2w6AgYuG6rXQgc2VydmljZSBjaOG6oXkgbmfhuqdtDQpzeXN0ZW1jdGwgZGFlbW9uLXJlbG9hZA0Kc3lzdGVtY3RsIGVuYWJsZSBmbGFzaGNhcmQtYmFja2VuZA0K",
            "vpc_security_group_ids": [
              "sg-0e52fb3b53b852c3e"
            ]
          },
          "sensitive_attributes": [],
          "identity_schema_version": 0,
          "private": "bnVsbA==",
          "dependencies": [
            "aws_iam_instance_profile.backend_runtime",
            "aws_iam_role.backend_runtime",
            "aws_security_group.alb",
            "aws_security_group.backend",
            "aws_vpc.main",
            "data.aws_iam_policy_document.backend_instance_assume_role"
          ]
        }
      ]
    },
    {
      "mode": "managed",
      "type": "aws_lb",
      "name": "backend",
      "provider": "provider[\"registry.terraform.io/hashicorp/aws\"]",
      "instances": [
        {
          "schema_version": 0,
          "attributes": {
            "access_logs": [
              {
                "bucket": "",
                "enabled": false,
                "prefix": ""
              }
            ],
            "arn": "arn:aws:elasticloadbalancing:ap-southeast-1:817888697629:loadbalancer/app/khaleo-backend-alb/3441e56ca05661fd",
            "arn_suffix": "app/khaleo-backend-alb/3441e56ca05661fd",
            "client_keep_alive": 3600,
            "connection_logs": [
              {
                "bucket": "",
                "enabled": false,
                "prefix": ""
              }
            ],
            "customer_owned_ipv4_pool": "",
            "desync_mitigation_mode": "defensive",
            "dns_name": "khaleo-backend-alb-1957877309.ap-southeast-1.elb.amazonaws.com",
            "dns_record_client_routing_policy": null,
            "drop_invalid_header_fields": false,
            "enable_cross_zone_load_balancing": true,
            "enable_deletion_protection": false,
            "enable_http2": true,
            "enable_tls_version_and_cipher_suite_headers": false,
            "enable_waf_fail_open": false,
            "enable_xff_client_port": false,
            "enable_zonal_shift": false,
            "enforce_security_group_inbound_rules_on_private_link_traffic": "",
            "id": "arn:aws:elasticloadbalancing:ap-southeast-1:817888697629:loadbalancer/app/khaleo-backend-alb/3441e56ca05661fd",
            "idle_timeout": 60,
            "internal": false,
            "ip_address_type": "ipv4",
            "ipam_pools": [],
            "load_balancer_type": "application",
            "minimum_load_balancer_capacity": [],
            "name": "khaleo-backend-alb",
            "name_prefix": "",
            "preserve_host_header": false,
            "security_groups": [
              "sg-008300eff143df047"
            ],
            "subnet_mapping": [
              {
                "allocation_id": "",
                "ipv6_address": "",
                "outpost_id": "",
                "private_ipv4_address": "",
                "subnet_id": "subnet-0d3d9f7ee92a4310d"
              },
              {
                "allocation_id": "",
                "ipv6_address": "",
                "outpost_id": "",
                "private_ipv4_address": "",
                "subnet_id": "subnet-0d474c74e449cd8e3"
              },
              {
                "allocation_id": "",
                "ipv6_address": "",
                "outpost_id": "",
                "private_ipv4_address": "",
                "subnet_id": "subnet-0f63af044e6f0f70e"
              }
            ],
            "subnets": [
              "subnet-0d3d9f7ee92a4310d",
              "subnet-0d474c74e449cd8e3",
              "subnet-0f63af044e6f0f70e"
            ],
            "tags": {
              "Environment": "dev",
              "ManagedBy": "Terraform",
              "Project": "KhaLeoFlashcard"
            },
            "tags_all": {
              "Environment": "dev",
              "ManagedBy": "Terraform",
              "Project": "KhaLeoFlashcard"
            },
            "timeouts": null,
            "vpc_id": "vpc-0ccaf1311936d9094",
            "xff_header_processing_mode": "append",
            "zone_id": "Z1LMS91P8CMLE5"
          },
          "sensitive_attributes": [],
          "identity_schema_version": 0,
          "private": "eyJlMmJmYjczMC1lY2FhLTExZTYtOGY4OC0zNDM2M2JjN2M0YzAiOnsiY3JlYXRlIjo2MDAwMDAwMDAwMDAsImRlbGV0ZSI6NjAwMDAwMDAwMDAwLCJ1cGRhdGUiOjYwMDAwMDAwMDAwMH19",
          "dependencies": [
            "aws_security_group.alb",
            "aws_subnet.public",
            "aws_vpc.main"
          ]
        }
      ]
    },
    {
      "mode": "managed",
      "type": "aws_lb_listener",
      "name": "backend_http",
      "provider": "provider[\"registry.terraform.io/hashicorp/aws\"]",
      "instances": [
        {
          "schema_version": 0,
          "attributes": {
            "alpn_policy": null,
            "arn": "arn:aws:elasticloadbalancing:ap-southeast-1:817888697629:listener/app/khaleo-backend-alb/3441e56ca05661fd/17798ac71ac9dfb5",
            "certificate_arn": null,
            "default_action": [
              {
                "authenticate_cognito": [],
                "authenticate_oidc": [],
                "fixed_response": [],
                "forward": [],
                "order": 1,
                "redirect": [
                  {
                    "host": "#{host}",
                    "path": "/#{path}",
                    "port": "443",
                    "protocol": "HTTPS",
                    "query": "#{query}",
                    "status_code": "HTTP_301"
                  }
                ],
                "target_group_arn": "",
                "type": "redirect"
              }
            ],
            "id": "arn:aws:elasticloadbalancing:ap-southeast-1:817888697629:listener/app/khaleo-backend-alb/3441e56ca05661fd/17798ac71ac9dfb5",
            "load_balancer_arn": "arn:aws:elasticloadbalancing:ap-southeast-1:817888697629:loadbalancer/app/khaleo-backend-alb/3441e56ca05661fd",
            "mutual_authentication": [],
            "port": 80,
            "protocol": "HTTP",
            "routing_http_request_x_amzn_mtls_clientcert_header_name": null,
            "routing_http_request_x_amzn_mtls_clientcert_issuer_header_name": null,
            "routing_http_request_x_amzn_mtls_clientcert_leaf_header_name": null,
            "routing_http_request_x_amzn_mtls_clientcert_serial_number_header_name": null,
            "routing_http_request_x_amzn_mtls_clientcert_subject_header_name": null,
            "routing_http_request_x_amzn_mtls_clientcert_validity_header_name": null,
            "routing_http_request_x_amzn_tls_cipher_suite_header_name": null,
            "routing_http_request_x_amzn_tls_version_header_name": null,
            "routing_http_response_access_control_allow_credentials_header_value": "",
            "routing_http_response_access_control_allow_headers_header_value": "",
            "routing_http_response_access_control_allow_methods_header_value": "",
            "routing_http_response_access_control_allow_origin_header_value": "",
            "routing_http_response_access_control_expose_headers_header_value": "",
            "routing_http_response_access_control_max_age_header_value": "",
            "routing_http_response_content_security_policy_header_value": "",
            "routing_http_response_server_enabled": true,
            "routing_http_response_strict_transport_security_header_value": "",
            "routing_http_response_x_content_type_options_header_value": "",
            "routing_http_response_x_frame_options_header_value": "",
            "ssl_policy": "",
            "tags": {},
            "tags_all": {},
            "tcp_idle_timeout_seconds": null,
            "timeouts": null
          },
          "sensitive_attributes": [],
          "identity_schema_version": 0,
          "private": "eyJlMmJmYjczMC1lY2FhLTExZTYtOGY4OC0zNDM2M2JjN2M0YzAiOnsiY3JlYXRlIjozMDAwMDAwMDAwMDAsInVwZGF0ZSI6MzAwMDAwMDAwMDAwfX0=",
          "dependencies": [
            "aws_lb.backend",
            "aws_security_group.alb",
            "aws_subnet.public",
            "aws_vpc.main"
          ]
        }
      ]
    },
    {
      "mode": "managed",
      "type": "aws_lb_listener",
      "name": "backend_https",
      "provider": "provider[\"registry.terraform.io/hashicorp/aws\"]",
      "instances": [
        {
          "schema_version": 0,
          "attributes": {
            "alpn_policy": null,
            "arn": "arn:aws:elasticloadbalancing:ap-southeast-1:817888697629:listener/app/khaleo-backend-alb/3441e56ca05661fd/f800ffcd85f370bb",
            "certificate_arn": "arn:aws:acm:ap-southeast-1:817888697629:certificate/90dfd05c-493b-4fbc-a4da-c1d59ded221b",
            "default_action": [
              {
                "authenticate_cognito": [],
                "authenticate_oidc": [],
                "fixed_response": [],
                "forward": [],
                "order": 1,
                "redirect": [],
                "target_group_arn": "arn:aws:elasticloadbalancing:ap-southeast-1:817888697629:targetgroup/khaleo-backend-tg/4d7a815dddca791c",
                "type": "forward"
              }
            ],
            "id": "arn:aws:elasticloadbalancing:ap-southeast-1:817888697629:listener/app/khaleo-backend-alb/3441e56ca05661fd/f800ffcd85f370bb",
            "load_balancer_arn": "arn:aws:elasticloadbalancing:ap-southeast-1:817888697629:loadbalancer/app/khaleo-backend-alb/3441e56ca05661fd",
            "mutual_authentication": [
              {
                "advertise_trust_store_ca_names": "",
                "ignore_client_certificate_expiry": false,
                "mode": "off",
                "trust_store_arn": ""
              }
            ],
            "port": 443,
            "protocol": "HTTPS",
            "routing_http_request_x_amzn_mtls_clientcert_header_name": "",
            "routing_http_request_x_amzn_mtls_clientcert_issuer_header_name": "",
            "routing_http_request_x_amzn_mtls_clientcert_leaf_header_name": "",
            "routing_http_request_x_amzn_mtls_clientcert_serial_number_header_name": "",
            "routing_http_request_x_amzn_mtls_clientcert_subject_header_name": "",
            "routing_http_request_x_amzn_mtls_clientcert_validity_header_name": "",
            "routing_http_request_x_amzn_tls_cipher_suite_header_name": "",
            "routing_http_request_x_amzn_tls_version_header_name": "",
            "routing_http_response_access_control_allow_credentials_header_value": "",
            "routing_http_response_access_control_allow_headers_header_value": "",
            "routing_http_response_access_control_allow_methods_header_value": "",
            "routing_http_response_access_control_allow_origin_header_value": "",
            "routing_http_response_access_control_expose_headers_header_value": "",
            "routing_http_response_access_control_max_age_header_value": "",
            "routing_http_response_content_security_policy_header_value": "",
            "routing_http_response_server_enabled": true,
            "routing_http_response_strict_transport_security_header_value": "",
            "routing_http_response_x_content_type_options_header_value": "",
            "routing_http_response_x_frame_options_header_value": "",
            "ssl_policy": "ELBSecurityPolicy-TLS13-1-2-2021-06",
            "tags": null,
            "tags_all": {},
            "tcp_idle_timeout_seconds": null,
            "timeouts": null
          },
          "sensitive_attributes": [],
          "identity_schema_version": 0,
          "private": "eyJlMmJmYjczMC1lY2FhLTExZTYtOGY4OC0zNDM2M2JjN2M0YzAiOnsiY3JlYXRlIjozMDAwMDAwMDAwMDAsInVwZGF0ZSI6MzAwMDAwMDAwMDAwfX0=",
          "dependencies": [
            "aws_acm_certificate.backend_cert",
            "aws_acm_certificate_validation.backend_cert",
            "aws_lb.backend",
            "aws_lb_target_group.backend",
            "aws_route53_record.backend_cert_validation",
            "aws_security_group.alb",
            "aws_subnet.public",
            "aws_vpc.main"
          ]
        }
      ]
    },
    {
      "mode": "managed",
      "type": "aws_lb_target_group",
      "name": "backend",
      "provider": "provider[\"registry.terraform.io/hashicorp/aws\"]",
      "instances": [
        {
          "schema_version": 0,
          "attributes": {
            "arn": "arn:aws:elasticloadbalancing:ap-southeast-1:817888697629:targetgroup/khaleo-backend-tg/4d7a815dddca791c",
            "arn_suffix": "targetgroup/khaleo-backend-tg/4d7a815dddca791c",
            "connection_termination": null,
            "deregistration_delay": "300",
            "health_check": [
              {
                "enabled": true,
                "healthy_threshold": 2,
                "interval": 30,
                "matcher": "200-399",
                "path": "/actuator/health",
                "port": "traffic-port",
                "protocol": "HTTP",
                "timeout": 5,
                "unhealthy_threshold": 2
              }
            ],
            "id": "arn:aws:elasticloadbalancing:ap-southeast-1:817888697629:targetgroup/khaleo-backend-tg/4d7a815dddca791c",
            "ip_address_type": "ipv4",
            "lambda_multi_value_headers_enabled": false,
            "load_balancer_arns": [
              "arn:aws:elasticloadbalancing:ap-southeast-1:817888697629:loadbalancer/app/khaleo-backend-alb/3441e56ca05661fd"
            ],
            "load_balancing_algorithm_type": "round_robin",
            "load_balancing_anomaly_mitigation": "off",
            "load_balancing_cross_zone_enabled": "use_load_balancer_configuration",
            "name": "khaleo-backend-tg",
            "name_prefix": "",
            "port": 8080,
            "preserve_client_ip": null,
            "protocol": "HTTP",
            "protocol_version": "HTTP1",
            "proxy_protocol_v2": false,
            "slow_start": 0,
            "stickiness": [
              {
                "cookie_duration": 86400,
                "cookie_name": "",
                "enabled": false,
                "type": "lb_cookie"
              }
            ],
            "tags": {
              "Environment": "dev",
              "ManagedBy": "Terraform",
              "Project": "KhaLeoFlashcard"
            },
            "tags_all": {
              "Environment": "dev",
              "ManagedBy": "Terraform",
              "Project": "KhaLeoFlashcard"
            },
            "target_failover": [
              {
                "on_deregistration": null,
                "on_unhealthy": null
              }
            ],
            "target_group_health": [
              {
                "dns_failover": [
                  {
                    "minimum_healthy_targets_count": "1",
                    "minimum_healthy_targets_percentage": "off"
                  }
                ],
                "unhealthy_state_routing": [
                  {
                    "minimum_healthy_targets_count": 1,
                    "minimum_healthy_targets_percentage": "off"
                  }
                ]
              }
            ],
            "target_health_state": [
              {
                "enable_unhealthy_connection_termination": null,
                "unhealthy_draining_interval": null
              }
            ],
            "target_type": "instance",
            "vpc_id": "vpc-0ccaf1311936d9094"
          },
          "sensitive_attributes": [],
          "identity_schema_version": 0,
          "private": "bnVsbA==",
          "dependencies": [
            "aws_vpc.main"
          ]
        }
      ]
    },
    {
      "mode": "managed",
      "type": "aws_nat_gateway",
      "name": "main",
      "provider": "provider[\"registry.terraform.io/hashicorp/aws\"]",
      "instances": [
        {
          "schema_version": 0,
          "attributes": {
            "allocation_id": "eipalloc-0b349b70577bad17f",
            "association_id": "eipassoc-0bd3068ce9bd5f082",
            "connectivity_type": "public",
            "id": "nat-02dfa83bf9ab721d2",
            "network_interface_id": "eni-0b7dedb87945b0806",
            "private_ip": "10.42.0.250",
            "public_ip": "52.220.155.149",
            "secondary_allocation_ids": [],
            "secondary_private_ip_address_count": 0,
            "secondary_private_ip_addresses": [],
            "subnet_id": "subnet-0d3d9f7ee92a4310d",
            "tags": {
              "Environment": "dev",
              "ManagedBy": "Terraform",
              "Name": "khaleo-nat",
              "Project": "KhaLeoFlashcard"
            },
            "tags_all": {
              "Environment": "dev",
              "ManagedBy": "Terraform",
              "Name": "khaleo-nat",
              "Project": "KhaLeoFlashcard"
            },
            "timeouts": null
          },
          "sensitive_attributes": [],
          "identity_schema_version": 0,
          "private": "eyJlMmJmYjczMC1lY2FhLTExZTYtOGY4OC0zNDM2M2JjN2M0YzAiOnsiY3JlYXRlIjo2MDAwMDAwMDAwMDAsImRlbGV0ZSI6MTgwMDAwMDAwMDAwMCwidXBkYXRlIjo2MDAwMDAwMDAwMDB9fQ==",
          "dependencies": [
            "aws_eip.nat",
            "aws_internet_gateway.main",
            "aws_subnet.public",
            "aws_vpc.main"
          ]
        }
      ]
    },
    {
      "mode": "managed",
      "type": "aws_rds_cluster",
      "name": "aurora",
      "provider": "provider[\"registry.terraform.io/hashicorp/aws\"]",
      "instances": [
        {
          "schema_version": 1,
          "attributes": {
            "allocated_storage": 1,
            "allow_major_version_upgrade": null,
            "apply_immediately": null,
            "arn": "arn:aws:rds:ap-southeast-1:817888697629:cluster:khaleo-aurora-cluster",
            "availability_zones": [
              "ap-southeast-1a",
              "ap-southeast-1b",
              "ap-southeast-1c"
            ],
            "backtrack_window": 0,
            "backup_retention_period": 7,
            "ca_certificate_identifier": null,
            "ca_certificate_valid_till": null,
            "cluster_identifier": "khaleo-aurora-cluster",
            "cluster_identifier_prefix": "",
            "cluster_members": [],
            "cluster_resource_id": "cluster-KURV6JBZH4NEA4R7F43H6PIN54",
            "cluster_scalability_type": "",
            "copy_tags_to_snapshot": true,
            "database_insights_mode": "standard",
            "database_name": "khaleo_flashcard",
            "db_cluster_instance_class": "",
            "db_cluster_parameter_group_name": "default.aurora-mysql8.0",
            "db_instance_parameter_group_name": null,
            "db_subnet_group_name": "khaleo-aurora-subnets",
            "db_system_id": "",
            "delete_automated_backups": true,
            "deletion_protection": false,
            "domain": "",
            "domain_iam_role_name": "",
            "enable_global_write_forwarding": false,
            "enable_http_endpoint": false,
            "enable_local_write_forwarding": false,
            "enabled_cloudwatch_logs_exports": null,
            "endpoint": "khaleo-aurora-cluster.cluster-cl8m6uq24vd0.ap-southeast-1.rds.amazonaws.com",
            "engine": "aurora-mysql",
            "engine_lifecycle_support": "open-source-rds-extended-support",
            "engine_mode": "provisioned",
            "engine_version": "8.0.mysql_aurora.3.08.0",
            "engine_version_actual": "8.0.mysql_aurora.3.08.0",
            "final_snapshot_identifier": null,
            "global_cluster_identifier": "",
            "hosted_zone_id": "Z2G0U3KFCY8NZ5",
            "iam_database_authentication_enabled": false,
            "iam_roles": [],
            "id": "khaleo-aurora-cluster",
            "iops": 0,
            "kms_key_id": "arn:aws:kms:ap-southeast-1:817888697629:key/6f8350ec-f73b-45f2-b28d-aba49ee29a92",
            "manage_master_user_password": null,
            "master_password": "L]r)!lbg\u0026\u003cR#)JXB-+YWcSl3",
            "master_password_wo": null,
            "master_password_wo_version": null,
            "master_user_secret": [],
            "master_user_secret_kms_key_id": null,
            "master_username": "khaleo_admin",
            "monitoring_interval": 0,
            "monitoring_role_arn": "",
            "network_type": "IPV4",
            "performance_insights_enabled": false,
            "performance_insights_kms_key_id": "",
            "performance_insights_retention_period": 0,
            "port": 3306,
            "preferred_backup_window": "17:00-18:00",
            "preferred_maintenance_window": "sun:18:00-sun:19:00",
            "reader_endpoint": "khaleo-aurora-cluster.cluster-ro-cl8m6uq24vd0.ap-southeast-1.rds.amazonaws.com",
            "replication_source_identifier": "",
            "restore_to_point_in_time": [],
            "s3_import": [],
            "scaling_configuration": [],
            "serverlessv2_scaling_configuration": [],
            "skip_final_snapshot": true,
            "snapshot_identifier": null,
            "source_region": null,
            "storage_encrypted": true,
            "storage_type": "",
            "tags": {
              "Environment": "dev",
              "ManagedBy": "Terraform",
              "Project": "KhaLeoFlashcard"
            },
            "tags_all": {
              "Environment": "dev",
              "ManagedBy": "Terraform",
              "Project": "KhaLeoFlashcard"
            },
            "timeouts": null,
            "vpc_security_group_ids": [
              "sg-0defcef03011a04cf"
            ]
          },
          "sensitive_attributes": [
            [
              {
                "type": "get_attr",
                "value": "master_password"
              }
            ],
            [
              {
                "type": "get_attr",
                "value": "master_password_wo"
              }
            ]
          ],
          "identity_schema_version": 0,
          "private": "eyJlMmJmYjczMC1lY2FhLTExZTYtOGY4OC0zNDM2M2JjN2M0YzAiOnsiY3JlYXRlIjo3MjAwMDAwMDAwMDAwLCJkZWxldGUiOjcyMDAwMDAwMDAwMDAsInVwZGF0ZSI6NzIwMDAwMDAwMDAwMH0sInNjaGVtYV92ZXJzaW9uIjoiMSJ9",
          "dependencies": [
            "aws_db_subnet_group.aurora",
            "aws_security_group.alb",
            "aws_security_group.aurora",
            "aws_security_group.backend",
            "aws_subnet.private",
            "aws_vpc.main",
            "random_password.aurora_master"
          ]
        }
      ]
    },
    {
      "mode": "managed",
      "type": "aws_rds_cluster_instance",
      "name": "aurora",
      "provider": "provider[\"registry.terraform.io/hashicorp/aws\"]",
      "instances": [
        {
          "index_key": 0,
          "status": "tainted",
          "schema_version": 0,
          "attributes": {
            "apply_immediately": null,
            "arn": null,
            "auto_minor_version_upgrade": true,
            "availability_zone": null,
            "ca_cert_identifier": null,
            "cluster_identifier": "khaleo-aurora-cluster",
            "copy_tags_to_snapshot": false,
            "custom_iam_instance_profile": null,
            "db_parameter_group_name": null,
            "db_subnet_group_name": null,
            "dbi_resource_id": null,
            "endpoint": null,
            "engine": "aurora-mysql",
            "engine_version": "8.0.mysql_aurora.3.08.0",
            "engine_version_actual": null,
            "force_destroy": false,
            "id": "khaleo-aurora-cluster-1",
            "identifier": "khaleo-aurora-cluster-1",
            "identifier_prefix": null,
            "instance_class": "db.t4g.medium",
            "kms_key_id": null,
            "monitoring_interval": 0,
            "monitoring_role_arn": null,
            "network_type": null,
            "performance_insights_enabled": null,
            "performance_insights_kms_key_id": null,
            "performance_insights_retention_period": null,
            "port": null,
            "preferred_backup_window": null,
            "preferred_maintenance_window": null,
            "promotion_tier": 0,
            "publicly_accessible": null,
            "storage_encrypted": null,
            "tags": {
              "Environment": "dev",
              "ManagedBy": "Terraform",
              "Project": "KhaLeoFlashcard"
            },
            "tags_all": {
              "Environment": "dev",
              "ManagedBy": "Terraform",
              "Project": "KhaLeoFlashcard"
            },
            "timeouts": null,
            "writer": null
          },
          "sensitive_attributes": [],
          "identity_schema_version": 0,
          "private": "eyJlMmJmYjczMC1lY2FhLTExZTYtOGY4OC0zNDM2M2JjN2M0YzAiOnsiY3JlYXRlIjo1NDAwMDAwMDAwMDAwLCJkZWxldGUiOjU0MDAwMDAwMDAwMDAsInVwZGF0ZSI6NTQwMDAwMDAwMDAwMH19",
          "dependencies": [
            "aws_db_subnet_group.aurora",
            "aws_rds_cluster.aurora",
            "aws_security_group.alb",
            "aws_security_group.aurora",
            "aws_security_group.backend",
            "aws_subnet.private",
            "aws_vpc.main",
            "random_password.aurora_master"
          ]
        }
      ]
    },
    {
      "mode": "managed",
      "type": "aws_route53_record",
      "name": "api_alias",
      "provider": "provider[\"registry.terraform.io/hashicorp/aws\"]",
      "instances": [
        {
          "index_key": 0,
          "schema_version": 2,
          "attributes": {
            "alias": [
              {
                "evaluate_target_health": true,
                "name": "khaleo-backend-alb-1957877309.ap-southeast-1.elb.amazonaws.com",
                "zone_id": "Z1LMS91P8CMLE5"
              }
            ],
            "allow_overwrite": null,
            "cidr_routing_policy": [],
            "failover_routing_policy": [],
            "fqdn": "api.khaleoshop.click",
            "geolocation_routing_policy": [],
            "geoproximity_routing_policy": [],
            "health_check_id": "",
            "id": "Z09479913APS5DRNMZYZ3_api.khaleoshop.click_A",
            "latency_routing_policy": [],
            "multivalue_answer_routing_policy": false,
            "name": "api.khaleoshop.click",
            "records": null,
            "set_identifier": "",
            "timeouts": null,
            "ttl": 0,
            "type": "A",
            "weighted_routing_policy": [],
            "zone_id": "Z09479913APS5DRNMZYZ3"
          },
          "sensitive_attributes": [],
          "identity_schema_version": 0,
          "private": "eyJlMmJmYjczMC1lY2FhLTExZTYtOGY4OC0zNDM2M2JjN2M0YzAiOnsiY3JlYXRlIjoxODAwMDAwMDAwMDAwLCJkZWxldGUiOjE4MDAwMDAwMDAwMDAsInVwZGF0ZSI6MTgwMDAwMDAwMDAwMH0sInNjaGVtYV92ZXJzaW9uIjoiMiJ9",
          "dependencies": [
            "aws_lb.backend",
            "aws_security_group.alb",
            "aws_subnet.public",
            "aws_vpc.main"
          ]
        }
      ]
    },
    {
      "mode": "managed",
      "type": "aws_route53_record",
      "name": "backend_cert_validation",
      "provider": "provider[\"registry.terraform.io/hashicorp/aws\"]",
      "instances": [
        {
          "index_key": "api.khaleoshop.click",
          "schema_version": 2,
          "attributes": {
            "alias": [],
            "allow_overwrite": true,
            "cidr_routing_policy": [],
            "failover_routing_policy": [],
            "fqdn": "_748cd5210d5ad2fedefbd29af9b71faa.api.khaleoshop.click",
            "geolocation_routing_policy": [],
            "geoproximity_routing_policy": [],
            "health_check_id": "",
            "id": "Z09479913APS5DRNMZYZ3__748cd5210d5ad2fedefbd29af9b71faa.api.khaleoshop.click._CNAME",
            "latency_routing_policy": [],
            "multivalue_answer_routing_policy": false,
            "name": "_748cd5210d5ad2fedefbd29af9b71faa.api.khaleoshop.click",
            "records": [
              "_8fe26958f18ebacc3b2a7af5e2879c19.jkddzztszm.acm-validations.aws."
            ],
            "set_identifier": "",
            "timeouts": null,
            "ttl": 60,
            "type": "CNAME",
            "weighted_routing_policy": [],
            "zone_id": "Z09479913APS5DRNMZYZ3"
          },
          "sensitive_attributes": [],
          "identity_schema_version": 0,
          "private": "eyJlMmJmYjczMC1lY2FhLTExZTYtOGY4OC0zNDM2M2JjN2M0YzAiOnsiY3JlYXRlIjoxODAwMDAwMDAwMDAwLCJkZWxldGUiOjE4MDAwMDAwMDAwMDAsInVwZGF0ZSI6MTgwMDAwMDAwMDAwMH0sInNjaGVtYV92ZXJzaW9uIjoiMiJ9",
          "dependencies": [
            "aws_acm_certificate.backend_cert"
          ]
        }
      ]
    },
    {
      "mode": "managed",
      "type": "aws_route53_record",
      "name": "frontend_alias",
      "provider": "provider[\"registry.terraform.io/hashicorp/aws\"]",
      "instances": [
        {
          "index_key": 0,
          "schema_version": 2,
          "attributes": {
            "alias": [
              {
                "evaluate_target_health": false,
                "name": "d23yug88bmutiy.cloudfront.net",
                "zone_id": "Z2FDTNDATAQYW2"
              }
            ],
            "allow_overwrite": null,
            "cidr_routing_policy": [],
            "failover_routing_policy": [],
            "fqdn": "khaleoshop.click",
            "geolocation_routing_policy": [],
            "geoproximity_routing_policy": [],
            "health_check_id": "",
            "id": "Z09479913APS5DRNMZYZ3_khaleoshop.click_A",
            "latency_routing_policy": [],
            "multivalue_answer_routing_policy": false,
            "name": "khaleoshop.click",
            "records": null,
            "set_identifier": "",
            "timeouts": null,
            "ttl": 0,
            "type": "A",
            "weighted_routing_policy": [],
            "zone_id": "Z09479913APS5DRNMZYZ3"
          },
          "sensitive_attributes": [],
          "identity_schema_version": 0,
          "private": "eyJlMmJmYjczMC1lY2FhLTExZTYtOGY4OC0zNDM2M2JjN2M0YzAiOnsiY3JlYXRlIjoxODAwMDAwMDAwMDAwLCJkZWxldGUiOjE4MDAwMDAwMDAwMDAsInVwZGF0ZSI6MTgwMDAwMDAwMDAwMH0sInNjaGVtYV92ZXJzaW9uIjoiMiJ9",
          "dependencies": [
            "aws_acm_certificate.frontend_cert",
            "aws_acm_certificate_validation.frontend_cert",
            "aws_cloudfront_distribution.frontend",
            "aws_cloudfront_origin_access_control.frontend",
            "aws_route53_record.frontend_cert_validation",
            "aws_s3_bucket.frontend_bucket"
          ]
        }
      ]
    },
    {
      "mode": "managed",
      "type": "aws_route53_record",
      "name": "frontend_cert_validation",
      "provider": "provider[\"registry.terraform.io/hashicorp/aws\"]",
      "instances": [
        {
          "index_key": "khaleoshop.click",
          "schema_version": 2,
          "attributes": {
            "alias": [],
            "allow_overwrite": true,
            "cidr_routing_policy": [],
            "failover_routing_policy": [],
            "fqdn": "_d1204231198c181358f38c96565a633c.khaleoshop.click",
            "geolocation_routing_policy": [],
            "geoproximity_routing_policy": [],
            "health_check_id": "",
            "id": "Z09479913APS5DRNMZYZ3__d1204231198c181358f38c96565a633c.khaleoshop.click._CNAME",
            "latency_routing_policy": [],
            "multivalue_answer_routing_policy": false,
            "name": "_d1204231198c181358f38c96565a633c.khaleoshop.click",
            "records": [
              "_72fd40b14e62cbcc783c0cbe0e4966e6.jkddzztszm.acm-validations.aws."
            ],
            "set_identifier": "",
            "timeouts": null,
            "ttl": 60,
            "type": "CNAME",
            "weighted_routing_policy": [],
            "zone_id": "Z09479913APS5DRNMZYZ3"
          },
          "sensitive_attributes": [],
          "identity_schema_version": 0,
          "private": "eyJlMmJmYjczMC1lY2FhLTExZTYtOGY4OC0zNDM2M2JjN2M0YzAiOnsiY3JlYXRlIjoxODAwMDAwMDAwMDAwLCJkZWxldGUiOjE4MDAwMDAwMDAwMDAsInVwZGF0ZSI6MTgwMDAwMDAwMDAwMH0sInNjaGVtYV92ZXJzaW9uIjoiMiJ9",
          "dependencies": [
            "aws_acm_certificate.frontend_cert"
          ]
        }
      ]
    },
    {
      "mode": "managed",
      "type": "aws_route_table",
      "name": "private",
      "provider": "provider[\"registry.terraform.io/hashicorp/aws\"]",
      "instances": [
        {
          "schema_version": 0,
          "attributes": {
            "arn": "arn:aws:ec2:ap-southeast-1:817888697629:route-table/rtb-0881d613032e069ab",
            "id": "rtb-0881d613032e069ab",
            "owner_id": "817888697629",
            "propagating_vgws": [],
            "route": [
              {
                "carrier_gateway_id": "",
                "cidr_block": "0.0.0.0/0",
                "core_network_arn": "",
                "destination_prefix_list_id": "",
                "egress_only_gateway_id": "",
                "gateway_id": "",
                "ipv6_cidr_block": "",
                "local_gateway_id": "",
                "nat_gateway_id": "nat-02dfa83bf9ab721d2",
                "network_interface_id": "",
                "transit_gateway_id": "",
                "vpc_endpoint_id": "",
                "vpc_peering_connection_id": ""
              }
            ],
            "tags": {
              "Environment": "dev",
              "ManagedBy": "Terraform",
              "Name": "khaleo-private-rt",
              "Project": "KhaLeoFlashcard"
            },
            "tags_all": {
              "Environment": "dev",
              "ManagedBy": "Terraform",
              "Name": "khaleo-private-rt",
              "Project": "KhaLeoFlashcard"
            },
            "timeouts": null,
            "vpc_id": "vpc-0ccaf1311936d9094"
          },
          "sensitive_attributes": [],
          "identity_schema_version": 0,
          "private": "eyJlMmJmYjczMC1lY2FhLTExZTYtOGY4OC0zNDM2M2JjN2M0YzAiOnsiY3JlYXRlIjozMDAwMDAwMDAwMDAsImRlbGV0ZSI6MzAwMDAwMDAwMDAwLCJ1cGRhdGUiOjEyMDAwMDAwMDAwMH19",
          "dependencies": [
            "aws_eip.nat",
            "aws_internet_gateway.main",
            "aws_nat_gateway.main",
            "aws_subnet.public",
            "aws_vpc.main"
          ]
        }
      ]
    },
    {
      "mode": "managed",
      "type": "aws_route_table",
      "name": "public",
      "provider": "provider[\"registry.terraform.io/hashicorp/aws\"]",
      "instances": [
        {
          "schema_version": 0,
          "attributes": {
            "arn": "arn:aws:ec2:ap-southeast-1:817888697629:route-table/rtb-05dd07369ad2a0eb7",
            "id": "rtb-05dd07369ad2a0eb7",
            "owner_id": "817888697629",
            "propagating_vgws": [],
            "route": [
              {
                "carrier_gateway_id": "",
                "cidr_block": "0.0.0.0/0",
                "core_network_arn": "",
                "destination_prefix_list_id": "",
                "egress_only_gateway_id": "",
                "gateway_id": "igw-036f20eedc0bd4a59",
                "ipv6_cidr_block": "",
                "local_gateway_id": "",
                "nat_gateway_id": "",
                "network_interface_id": "",
                "transit_gateway_id": "",
                "vpc_endpoint_id": "",
                "vpc_peering_connection_id": ""
              }
            ],
            "tags": {
              "Environment": "dev",
              "ManagedBy": "Terraform",
              "Name": "khaleo-public-rt",
              "Project": "KhaLeoFlashcard"
            },
            "tags_all": {
              "Environment": "dev",
              "ManagedBy": "Terraform",
              "Name": "khaleo-public-rt",
              "Project": "KhaLeoFlashcard"
            },
            "timeouts": null,
            "vpc_id": "vpc-0ccaf1311936d9094"
          },
          "sensitive_attributes": [],
          "identity_schema_version": 0,
          "private": "eyJlMmJmYjczMC1lY2FhLTExZTYtOGY4OC0zNDM2M2JjN2M0YzAiOnsiY3JlYXRlIjozMDAwMDAwMDAwMDAsImRlbGV0ZSI6MzAwMDAwMDAwMDAwLCJ1cGRhdGUiOjEyMDAwMDAwMDAwMH19",
          "dependencies": [
            "aws_internet_gateway.main",
            "aws_vpc.main"
          ]
        }
      ]
    },
    {
      "mode": "managed",
      "type": "aws_route_table_association",
      "name": "private",
      "provider": "provider[\"registry.terraform.io/hashicorp/aws\"]",
      "instances": [
        {
          "index_key": "ap-southeast-1a",
          "schema_version": 0,
          "attributes": {
            "gateway_id": "",
            "id": "rtbassoc-0b54a3568c5cc12e1",
            "route_table_id": "rtb-0881d613032e069ab",
            "subnet_id": "subnet-0e9bfeea57748f916",
            "timeouts": null
          },
          "sensitive_attributes": [],
          "identity_schema_version": 0,
          "private": "eyJlMmJmYjczMC1lY2FhLTExZTYtOGY4OC0zNDM2M2JjN2M0YzAiOnsiY3JlYXRlIjozMDAwMDAwMDAwMDAsImRlbGV0ZSI6MzAwMDAwMDAwMDAwLCJ1cGRhdGUiOjEyMDAwMDAwMDAwMH19",
          "dependencies": [
            "aws_eip.nat",
            "aws_internet_gateway.main",
            "aws_nat_gateway.main",
            "aws_route_table.private",
            "aws_subnet.private",
            "aws_subnet.public",
            "aws_vpc.main"
          ]
        },
        {
          "index_key": "ap-southeast-1b",
          "schema_version": 0,
          "attributes": {
            "gateway_id": "",
            "id": "rtbassoc-0c9d6457c756a64c0",
            "route_table_id": "rtb-0881d613032e069ab",
            "subnet_id": "subnet-0df8e64451b32b94a",
            "timeouts": null
          },
          "sensitive_attributes": [],
          "identity_schema_version": 0,
          "private": "eyJlMmJmYjczMC1lY2FhLTExZTYtOGY4OC0zNDM2M2JjN2M0YzAiOnsiY3JlYXRlIjozMDAwMDAwMDAwMDAsImRlbGV0ZSI6MzAwMDAwMDAwMDAwLCJ1cGRhdGUiOjEyMDAwMDAwMDAwMH19",
          "dependencies": [
            "aws_eip.nat",
            "aws_internet_gateway.main",
            "aws_nat_gateway.main",
            "aws_route_table.private",
            "aws_subnet.private",
            "aws_subnet.public",
            "aws_vpc.main"
          ]
        },
        {
          "index_key": "ap-southeast-1c",
          "schema_version": 0,
          "attributes": {
            "gateway_id": "",
            "id": "rtbassoc-055407410a10a3e23",
            "route_table_id": "rtb-0881d613032e069ab",
            "subnet_id": "subnet-0f09002838f016d4e",
            "timeouts": null
          },
          "sensitive_attributes": [],
          "identity_schema_version": 0,
          "private": "eyJlMmJmYjczMC1lY2FhLTExZTYtOGY4OC0zNDM2M2JjN2M0YzAiOnsiY3JlYXRlIjozMDAwMDAwMDAwMDAsImRlbGV0ZSI6MzAwMDAwMDAwMDAwLCJ1cGRhdGUiOjEyMDAwMDAwMDAwMH19",
          "dependencies": [
            "aws_eip.nat",
            "aws_internet_gateway.main",
            "aws_nat_gateway.main",
            "aws_route_table.private",
            "aws_subnet.private",
            "aws_subnet.public",
            "aws_vpc.main"
          ]
        }
      ]
    },
    {
      "mode": "managed",
      "type": "aws_route_table_association",
      "name": "public",
      "provider": "provider[\"registry.terraform.io/hashicorp/aws\"]",
      "instances": [
        {
          "index_key": "ap-southeast-1a",
          "schema_version": 0,
          "attributes": {
            "gateway_id": "",
            "id": "rtbassoc-0e2aacb68aa159181",
            "route_table_id": "rtb-05dd07369ad2a0eb7",
            "subnet_id": "subnet-0d3d9f7ee92a4310d",
            "timeouts": null
          },
          "sensitive_attributes": [],
          "identity_schema_version": 0,
          "private": "eyJlMmJmYjczMC1lY2FhLTExZTYtOGY4OC0zNDM2M2JjN2M0YzAiOnsiY3JlYXRlIjozMDAwMDAwMDAwMDAsImRlbGV0ZSI6MzAwMDAwMDAwMDAwLCJ1cGRhdGUiOjEyMDAwMDAwMDAwMH19",
          "dependencies": [
            "aws_internet_gateway.main",
            "aws_route_table.public",
            "aws_subnet.public",
            "aws_vpc.main"
          ]
        },
        {
          "index_key": "ap-southeast-1b",
          "schema_version": 0,
          "attributes": {
            "gateway_id": "",
            "id": "rtbassoc-04d1929f98f9a79e4",
            "route_table_id": "rtb-05dd07369ad2a0eb7",
            "subnet_id": "subnet-0f63af044e6f0f70e",
            "timeouts": null
          },
          "sensitive_attributes": [],
          "identity_schema_version": 0,
          "private": "eyJlMmJmYjczMC1lY2FhLTExZTYtOGY4OC0zNDM2M2JjN2M0YzAiOnsiY3JlYXRlIjozMDAwMDAwMDAwMDAsImRlbGV0ZSI6MzAwMDAwMDAwMDAwLCJ1cGRhdGUiOjEyMDAwMDAwMDAwMH19",
          "dependencies": [
            "aws_internet_gateway.main",
            "aws_route_table.public",
            "aws_subnet.public",
            "aws_vpc.main"
          ]
        },
        {
          "index_key": "ap-southeast-1c",
          "schema_version": 0,
          "attributes": {
            "gateway_id": "",
            "id": "rtbassoc-0fcfed2a9c9749954",
            "route_table_id": "rtb-05dd07369ad2a0eb7",
            "subnet_id": "subnet-0d474c74e449cd8e3",
            "timeouts": null
          },
          "sensitive_attributes": [],
          "identity_schema_version": 0,
          "private": "eyJlMmJmYjczMC1lY2FhLTExZTYtOGY4OC0zNDM2M2JjN2M0YzAiOnsiY3JlYXRlIjozMDAwMDAwMDAwMDAsImRlbGV0ZSI6MzAwMDAwMDAwMDAwLCJ1cGRhdGUiOjEyMDAwMDAwMDAwMH19",
          "dependencies": [
            "aws_internet_gateway.main",
            "aws_route_table.public",
            "aws_subnet.public",
            "aws_vpc.main"
          ]
        }
      ]
    },
    {
      "mode": "managed",
      "type": "aws_s3_bucket",
      "name": "artifact_bucket",
      "provider": "provider[\"registry.terraform.io/hashicorp/aws\"]",
      "instances": [
        {
          "schema_version": 0,
          "attributes": {
            "acceleration_status": "",
            "acl": null,
            "arn": "arn:aws:s3:::kha-leo-build-artifacts",
            "bucket": "kha-leo-build-artifacts",
            "bucket_domain_name": "kha-leo-build-artifacts.s3.amazonaws.com",
            "bucket_prefix": "",
            "bucket_regional_domain_name": "kha-leo-build-artifacts.s3.ap-southeast-1.amazonaws.com",
            "cors_rule": [],
            "force_destroy": false,
            "grant": [
              {
                "id": "e144de8b6fd5ae9ca2e79af69ffcef5b712ce5a44f579caecf8dc82ae042f7a0",
                "permissions": [
                  "FULL_CONTROL"
                ],
                "type": "CanonicalUser",
                "uri": ""
              }
            ],
            "hosted_zone_id": "Z3O0J2DXBE1FTB",
            "id": "kha-leo-build-artifacts",
            "lifecycle_rule": [],
            "logging": [],
            "object_lock_configuration": [],
            "object_lock_enabled": false,
            "policy": "",
            "region": "ap-southeast-1",
            "replication_configuration": [],
            "request_payer": "BucketOwner",
            "server_side_encryption_configuration": [
              {
                "rule": [
                  {
                    "apply_server_side_encryption_by_default": [
                      {
                        "kms_master_key_id": "",
                        "sse_algorithm": "AES256"
                      }
                    ],
                    "bucket_key_enabled": false
                  }
                ]
              }
            ],
            "tags": {},
            "tags_all": {},
            "timeouts": null,
            "versioning": [
              {
                "enabled": true,
                "mfa_delete": false
              }
            ],
            "website": [],
            "website_domain": null,
            "website_endpoint": null
          },
          "sensitive_attributes": [],
          "identity_schema_version": 0,
          "private": "eyJlMmJmYjczMC1lY2FhLTExZTYtOGY4OC0zNDM2M2JjN2M0YzAiOnsiY3JlYXRlIjoxMjAwMDAwMDAwMDAwLCJkZWxldGUiOjM2MDAwMDAwMDAwMDAsInJlYWQiOjEyMDAwMDAwMDAwMDAsInVwZGF0ZSI6MTIwMDAwMDAwMDAwMH19"
        }
      ]
    },
    {
      "mode": "managed",
      "type": "aws_s3_bucket",
      "name": "frontend_bucket",
      "provider": "provider[\"registry.terraform.io/hashicorp/aws\"]",
      "instances": [
        {
          "schema_version": 0,
          "attributes": {
            "acceleration_status": "",
            "acl": null,
            "arn": "arn:aws:s3:::khaleo-frontend-prod",
            "bucket": "khaleo-frontend-prod",
            "bucket_domain_name": "khaleo-frontend-prod.s3.amazonaws.com",
            "bucket_prefix": "",
            "bucket_regional_domain_name": "khaleo-frontend-prod.s3.ap-southeast-1.amazonaws.com",
            "cors_rule": [],
            "force_destroy": false,
            "grant": [
              {
                "id": "e144de8b6fd5ae9ca2e79af69ffcef5b712ce5a44f579caecf8dc82ae042f7a0",
                "permissions": [
                  "FULL_CONTROL"
                ],
                "type": "CanonicalUser",
                "uri": ""
              }
            ],
            "hosted_zone_id": "Z3O0J2DXBE1FTB",
            "id": "khaleo-frontend-prod",
            "lifecycle_rule": [],
            "logging": [],
            "object_lock_configuration": [],
            "object_lock_enabled": false,
            "policy": "{\"Statement\":[{\"Action\":\"s3:GetObject\",\"Condition\":{\"StringEquals\":{\"AWS:SourceArn\":\"arn:aws:cloudfront::817888697629:distribution/E2ML39SU9XSAB8\"}},\"Effect\":\"Allow\",\"Principal\":{\"Service\":\"cloudfront.amazonaws.com\"},\"Resource\":\"arn:aws:s3:::khaleo-frontend-prod/*\",\"Sid\":\"AllowCloudFrontRead\"}],\"Version\":\"2012-10-17\"}",
            "region": "ap-southeast-1",
            "replication_configuration": [],
            "request_payer": "BucketOwner",
            "server_side_encryption_configuration": [
              {
                "rule": [
                  {
                    "apply_server_side_encryption_by_default": [
                      {
                        "kms_master_key_id": "",
                        "sse_algorithm": "AES256"
                      }
                    ],
                    "bucket_key_enabled": false
                  }
                ]
              }
            ],
            "tags": {},
            "tags_all": {},
            "timeouts": null,
            "versioning": [
              {
                "enabled": true,
                "mfa_delete": false
              }
            ],
            "website": [],
            "website_domain": null,
            "website_endpoint": null
          },
          "sensitive_attributes": [],
          "identity_schema_version": 0,
          "private": "eyJlMmJmYjczMC1lY2FhLTExZTYtOGY4OC0zNDM2M2JjN2M0YzAiOnsiY3JlYXRlIjoxMjAwMDAwMDAwMDAwLCJkZWxldGUiOjM2MDAwMDAwMDAwMDAsInJlYWQiOjEyMDAwMDAwMDAwMDAsInVwZGF0ZSI6MTIwMDAwMDAwMDAwMH19"
        }
      ]
    },
    {
      "mode": "managed",
      "type": "aws_s3_bucket_policy",
      "name": "frontend",
      "provider": "provider[\"registry.terraform.io/hashicorp/aws\"]",
      "instances": [
        {
          "schema_version": 0,
          "attributes": {
            "bucket": "khaleo-frontend-prod",
            "id": "khaleo-frontend-prod",
            "policy": "{\"Statement\":[{\"Action\":\"s3:GetObject\",\"Condition\":{\"StringEquals\":{\"AWS:SourceArn\":\"arn:aws:cloudfront::817888697629:distribution/E2ML39SU9XSAB8\"}},\"Effect\":\"Allow\",\"Principal\":{\"Service\":\"cloudfront.amazonaws.com\"},\"Resource\":\"arn:aws:s3:::khaleo-frontend-prod/*\",\"Sid\":\"AllowCloudFrontRead\"}],\"Version\":\"2012-10-17\"}"
          },
          "sensitive_attributes": [],
          "identity_schema_version": 0,
          "private": "bnVsbA==",
          "dependencies": [
            "aws_acm_certificate.frontend_cert",
            "aws_acm_certificate_validation.frontend_cert",
            "aws_cloudfront_distribution.frontend",
            "aws_cloudfront_origin_access_control.frontend",
            "aws_route53_record.frontend_cert_validation",
            "aws_s3_bucket.frontend_bucket",
            "data.aws_iam_policy_document.frontend_bucket_policy"
          ]
        }
      ]
    },
    {
      "mode": "managed",
      "type": "aws_s3_bucket_public_access_block",
      "name": "artifact_block",
      "provider": "provider[\"registry.terraform.io/hashicorp/aws\"]",
      "instances": [
        {
          "schema_version": 0,
          "attributes": {
            "block_public_acls": true,
            "block_public_policy": true,
            "bucket": "kha-leo-build-artifacts",
            "id": "kha-leo-build-artifacts",
            "ignore_public_acls": true,
            "restrict_public_buckets": true
          },
          "sensitive_attributes": [],
          "identity_schema_version": 0,
          "private": "bnVsbA==",
          "dependencies": [
            "aws_s3_bucket.artifact_bucket"
          ]
        }
      ]
    },
    {
      "mode": "managed",
      "type": "aws_s3_bucket_public_access_block",
      "name": "frontend_block",
      "provider": "provider[\"registry.terraform.io/hashicorp/aws\"]",
      "instances": [
        {
          "schema_version": 0,
          "attributes": {
            "block_public_acls": true,
            "block_public_policy": true,
            "bucket": "khaleo-frontend-prod",
            "id": "khaleo-frontend-prod",
            "ignore_public_acls": true,
            "restrict_public_buckets": true
          },
          "sensitive_attributes": [],
          "identity_schema_version": 0,
          "private": "bnVsbA==",
          "dependencies": [
            "aws_s3_bucket.frontend_bucket"
          ]
        }
      ]
    },
    {
      "mode": "managed",
      "type": "aws_s3_bucket_versioning",
      "name": "artifact_bucket_versioning",
      "provider": "provider[\"registry.terraform.io/hashicorp/aws\"]",
      "instances": [
        {
          "schema_version": 0,
          "attributes": {
            "bucket": "kha-leo-build-artifacts",
            "expected_bucket_owner": "",
            "id": "kha-leo-build-artifacts",
            "mfa": null,
            "versioning_configuration": [
              {
                "mfa_delete": "",
                "status": "Enabled"
              }
            ]
          },
          "sensitive_attributes": [],
          "identity_schema_version": 0,
          "private": "bnVsbA==",
          "dependencies": [
            "aws_s3_bucket.artifact_bucket"
          ]
        }
      ]
    },
    {
      "mode": "managed",
      "type": "aws_s3_bucket_versioning",
      "name": "frontend_bucket_versioning",
      "provider": "provider[\"registry.terraform.io/hashicorp/aws\"]",
      "instances": [
        {
          "schema_version": 0,
          "attributes": {
            "bucket": "khaleo-frontend-prod",
            "expected_bucket_owner": "",
            "id": "khaleo-frontend-prod",
            "mfa": null,
            "versioning_configuration": [
              {
                "mfa_delete": "",
                "status": "Enabled"
              }
            ]
          },
          "sensitive_attributes": [],
          "identity_schema_version": 0,
          "private": "bnVsbA==",
          "dependencies": [
            "aws_s3_bucket.frontend_bucket"
          ]
        }
      ]
    },
    {
      "mode": "managed",
      "type": "aws_secretsmanager_secret",
      "name": "db_credentials",
      "provider": "provider[\"registry.terraform.io/hashicorp/aws\"]",
      "instances": [
        {
          "schema_version": 0,
          "attributes": {
            "arn": "arn:aws:secretsmanager:ap-southeast-1:817888697629:secret:khaleo/prod/db-credentials-wbinxh",
            "description": "",
            "force_overwrite_replica_secret": false,
            "id": "khaleo/prod/db-credentials",
            "kms_key_id": "",
            "name": "khaleo/prod/db-credentials",
            "name_prefix": "",
            "policy": "",
            "recovery_window_in_days": 30,
            "replica": [],
            "tags": {},
            "tags_all": {}
          },
          "sensitive_attributes": [],
          "identity_schema_version": 0,
          "private": "bnVsbA=="
        }
      ]
    },
    {
      "mode": "managed",
      "type": "aws_secretsmanager_secret",
      "name": "jwt_secret",
      "provider": "provider[\"registry.terraform.io/hashicorp/aws\"]",
      "instances": [
        {
          "schema_version": 0,
          "attributes": {
            "arn": "arn:aws:secretsmanager:ap-southeast-1:817888697629:secret:khaleo/prod/jwt-secret-OX7eza",
            "description": "",
            "force_overwrite_replica_secret": false,
            "id": "khaleo/prod/jwt-secret",
            "kms_key_id": "",
            "name": "khaleo/prod/jwt-secret",
            "name_prefix": "",
            "policy": "",
            "recovery_window_in_days": 30,
            "replica": [],
            "tags": {},
            "tags_all": {}
          },
          "sensitive_attributes": [],
          "identity_schema_version": 0,
          "private": "bnVsbA=="
        }
      ]
    },
    {
      "mode": "managed",
      "type": "aws_secretsmanager_secret",
      "name": "ses_credentials",
      "provider": "provider[\"registry.terraform.io/hashicorp/aws\"]",
      "instances": [
        {
          "schema_version": 0,
          "attributes": {
            "arn": "arn:aws:secretsmanager:ap-southeast-1:817888697629:secret:khaleo/prod/ses-credentials-XSXaga",
            "description": "",
            "force_overwrite_replica_secret": false,
            "id": "khaleo/prod/ses-credentials",
            "kms_key_id": "",
            "name": "khaleo/prod/ses-credentials",
            "name_prefix": "",
            "policy": "",
            "recovery_window_in_days": 30,
            "replica": [],
            "tags": {},
            "tags_all": {}
          },
          "sensitive_attributes": [],
          "identity_schema_version": 0,
          "private": "bnVsbA=="
        }
      ]
    },
    {
      "mode": "managed",
      "type": "aws_secretsmanager_secret_version",
      "name": "db_credentials",
      "provider": "provider[\"registry.terraform.io/hashicorp/aws\"]",
      "instances": [
        {
          "schema_version": 0,
          "attributes": {
            "arn": "arn:aws:secretsmanager:ap-southeast-1:817888697629:secret:khaleo/prod/db-credentials-wbinxh",
            "has_secret_string_wo": null,
            "id": "khaleo/prod/db-credentials|terraform-20260318043242538800000002",
            "secret_binary": "",
            "secret_id": "khaleo/prod/db-credentials",
            "secret_string": "{\"dbname\":\"khaleo_flashcard\",\"engine\":\"mysql\",\"host\":\"khaleo-aurora-cluster.cluster-cl8m6uq24vd0.ap-southeast-1.rds.amazonaws.com\",\"jdbc_url\":\"jdbc:mysql://khaleo-aurora-cluster.cluster-cl8m6uq24vd0.ap-southeast-1.rds.amazonaws.com:3306/khaleo_flashcard?useSSL=true\\u0026requireSSL=true\\u0026verifyServerCertificate=true\",\"password\":\"L]r)!lbg\\u0026\\u003cR#)JXB-+YWcSl3\",\"port\":3306,\"username\":\"khaleo_admin\"}",
            "secret_string_wo": null,
            "secret_string_wo_version": null,
            "version_id": "terraform-20260318043242538800000002",
            "version_stages": [
              "AWSCURRENT"
            ]
          },
          "sensitive_attributes": [
            [
              {
                "type": "get_attr",
                "value": "secret_binary"
              }
            ],
            [
              {
                "type": "get_attr",
                "value": "secret_string"
              }
            ],
            [
              {
                "type": "get_attr",
                "value": "secret_string_wo"
              }
            ]
          ],
          "identity_schema_version": 0,
          "private": "bnVsbA==",
          "dependencies": [
            "aws_db_subnet_group.aurora",
            "aws_rds_cluster.aurora",
            "aws_secretsmanager_secret.db_credentials",
            "aws_security_group.alb",
            "aws_security_group.aurora",
            "aws_security_group.backend",
            "aws_subnet.private",
            "aws_vpc.main",
            "random_password.aurora_master"
          ]
        }
      ]
    },
    {
      "mode": "managed",
      "type": "aws_security_group",
      "name": "alb",
      "provider": "provider[\"registry.terraform.io/hashicorp/aws\"]",
      "instances": [
        {
          "schema_version": 1,
          "attributes": {
            "arn": "arn:aws:ec2:ap-southeast-1:817888697629:security-group/sg-008300eff143df047",
            "description": "Security group for public ALB",
            "egress": [
              {
                "cidr_blocks": [
                  "0.0.0.0/0"
                ],
                "description": "",
                "from_port": 0,
                "ipv6_cidr_blocks": [],
                "prefix_list_ids": [],
                "protocol": "-1",
                "security_groups": [],
                "self": false,
                "to_port": 0
              }
            ],
            "id": "sg-008300eff143df047",
            "ingress": [
              {
                "cidr_blocks": [
                  "0.0.0.0/0"
                ],
                "description": "HTTP from internet",
                "from_port": 80,
                "ipv6_cidr_blocks": [],
                "prefix_list_ids": [],
                "protocol": "tcp",
                "security_groups": [],
                "self": false,
                "to_port": 80
              },
              {
                "cidr_blocks": [
                  "0.0.0.0/0"
                ],
                "description": "HTTPS from internet",
                "from_port": 443,
                "ipv6_cidr_blocks": [],
                "prefix_list_ids": [],
                "protocol": "tcp",
                "security_groups": [],
                "self": false,
                "to_port": 443
              }
            ],
            "name": "khaleo-alb-sg",
            "name_prefix": "",
            "owner_id": "817888697629",
            "revoke_rules_on_delete": false,
            "tags": {
              "Environment": "dev",
              "ManagedBy": "Terraform",
              "Project": "KhaLeoFlashcard"
            },
            "tags_all": {
              "Environment": "dev",
              "ManagedBy": "Terraform",
              "Project": "KhaLeoFlashcard"
            },
            "timeouts": null,
            "vpc_id": "vpc-0ccaf1311936d9094"
          },
          "sensitive_attributes": [],
          "identity_schema_version": 0,
          "private": "eyJlMmJmYjczMC1lY2FhLTExZTYtOGY4OC0zNDM2M2JjN2M0YzAiOnsiY3JlYXRlIjo2MDAwMDAwMDAwMDAsImRlbGV0ZSI6OTAwMDAwMDAwMDAwfSwic2NoZW1hX3ZlcnNpb24iOiIxIn0=",
          "dependencies": [
            "aws_vpc.main"
          ]
        }
      ]
    },
    {
      "mode": "managed",
      "type": "aws_security_group",
      "name": "aurora",
      "provider": "provider[\"registry.terraform.io/hashicorp/aws\"]",
      "instances": [
        {
          "schema_version": 1,
          "attributes": {
            "arn": "arn:aws:ec2:ap-southeast-1:817888697629:security-group/sg-0defcef03011a04cf",
            "description": "Security group for Aurora MySQL",
            "egress": [
              {
                "cidr_blocks": [
                  "0.0.0.0/0"
                ],
                "description": "",
                "from_port": 0,
                "ipv6_cidr_blocks": [],
                "prefix_list_ids": [],
                "protocol": "-1",
                "security_groups": [],
                "self": false,
                "to_port": 0
              }
            ],
            "id": "sg-0defcef03011a04cf",
            "ingress": [
              {
                "cidr_blocks": [],
                "description": "MySQL traffic from backend instances",
                "from_port": 3306,
                "ipv6_cidr_blocks": [],
                "prefix_list_ids": [],
                "protocol": "tcp",
                "security_groups": [
                  "sg-0e52fb3b53b852c3e"
                ],
                "self": false,
                "to_port": 3306
              }
            ],
            "name": "khaleo-aurora-sg",
            "name_prefix": "",
            "owner_id": "817888697629",
            "revoke_rules_on_delete": false,
            "tags": {
              "Environment": "dev",
              "ManagedBy": "Terraform",
              "Project": "KhaLeoFlashcard"
            },
            "tags_all": {
              "Environment": "dev",
              "ManagedBy": "Terraform",
              "Project": "KhaLeoFlashcard"
            },
            "timeouts": null,
            "vpc_id": "vpc-0ccaf1311936d9094"
          },
          "sensitive_attributes": [],
          "identity_schema_version": 0,
          "private": "eyJlMmJmYjczMC1lY2FhLTExZTYtOGY4OC0zNDM2M2JjN2M0YzAiOnsiY3JlYXRlIjo2MDAwMDAwMDAwMDAsImRlbGV0ZSI6OTAwMDAwMDAwMDAwfSwic2NoZW1hX3ZlcnNpb24iOiIxIn0=",
          "dependencies": [
            "aws_security_group.alb",
            "aws_security_group.backend",
            "aws_vpc.main"
          ]
        }
      ]
    },
    {
      "mode": "managed",
      "type": "aws_security_group",
      "name": "backend",
      "provider": "provider[\"registry.terraform.io/hashicorp/aws\"]",
      "instances": [
        {
          "schema_version": 1,
          "attributes": {
            "arn": "arn:aws:ec2:ap-southeast-1:817888697629:security-group/sg-0e52fb3b53b852c3e",
            "description": "Security group for backend EC2 instances",
            "egress": [
              {
                "cidr_blocks": [
                  "0.0.0.0/0"
                ],
                "description": "",
                "from_port": 0,
                "ipv6_cidr_blocks": [],
                "prefix_list_ids": [],
                "protocol": "-1",
                "security_groups": [],
                "self": false,
                "to_port": 0
              }
            ],
            "id": "sg-0e52fb3b53b852c3e",
            "ingress": [
              {
                "cidr_blocks": [],
                "description": "Backend traffic from ALB",
                "from_port": 8080,
                "ipv6_cidr_blocks": [],
                "prefix_list_ids": [],
                "protocol": "tcp",
                "security_groups": [
                  "sg-008300eff143df047"
                ],
                "self": false,
                "to_port": 8080
              }
            ],
            "name": "khaleo-backend-sg",
            "name_prefix": "",
            "owner_id": "817888697629",
            "revoke_rules_on_delete": false,
            "tags": {
              "Environment": "dev",
              "ManagedBy": "Terraform",
              "Project": "KhaLeoFlashcard"
            },
            "tags_all": {
              "Environment": "dev",
              "ManagedBy": "Terraform",
              "Project": "KhaLeoFlashcard"
            },
            "timeouts": null,
            "vpc_id": "vpc-0ccaf1311936d9094"
          },
          "sensitive_attributes": [],
          "identity_schema_version": 0,
          "private": "eyJlMmJmYjczMC1lY2FhLTExZTYtOGY4OC0zNDM2M2JjN2M0YzAiOnsiY3JlYXRlIjo2MDAwMDAwMDAwMDAsImRlbGV0ZSI6OTAwMDAwMDAwMDAwfSwic2NoZW1hX3ZlcnNpb24iOiIxIn0=",
          "dependencies": [
            "aws_security_group.alb",
            "aws_vpc.main"
          ]
        }
      ]
    },
    {
      "mode": "managed",
      "type": "aws_subnet",
      "name": "private",
      "provider": "provider[\"registry.terraform.io/hashicorp/aws\"]",
      "instances": [
        {
          "index_key": "ap-southeast-1a",
          "schema_version": 1,
          "attributes": {
            "arn": "arn:aws:ec2:ap-southeast-1:817888697629:subnet/subnet-0e9bfeea57748f916",
            "assign_ipv6_address_on_creation": false,
            "availability_zone": "ap-southeast-1a",
            "availability_zone_id": "apse1-az2",
            "cidr_block": "10.42.10.0/24",
            "customer_owned_ipv4_pool": "",
            "enable_dns64": false,
            "enable_lni_at_device_index": 0,
            "enable_resource_name_dns_a_record_on_launch": false,
            "enable_resource_name_dns_aaaa_record_on_launch": false,
            "id": "subnet-0e9bfeea57748f916",
            "ipv6_cidr_block": "",
            "ipv6_cidr_block_association_id": "",
            "ipv6_native": false,
            "map_customer_owned_ip_on_launch": false,
            "map_public_ip_on_launch": false,
            "outpost_arn": "",
            "owner_id": "817888697629",
            "private_dns_hostname_type_on_launch": "ip-name",
            "tags": {
              "Environment": "dev",
              "ManagedBy": "Terraform",
              "Name": "khaleo-private-ap-southeast-1a",
              "Project": "KhaLeoFlashcard",
              "Tier": "private"
            },
            "tags_all": {
              "Environment": "dev",
              "ManagedBy": "Terraform",
              "Name": "khaleo-private-ap-southeast-1a",
              "Project": "KhaLeoFlashcard",
              "Tier": "private"
            },
            "timeouts": null,
            "vpc_id": "vpc-0ccaf1311936d9094"
          },
          "sensitive_attributes": [],
          "identity_schema_version": 0,
          "private": "eyJlMmJmYjczMC1lY2FhLTExZTYtOGY4OC0zNDM2M2JjN2M0YzAiOnsiY3JlYXRlIjo2MDAwMDAwMDAwMDAsImRlbGV0ZSI6MTIwMDAwMDAwMDAwMH0sInNjaGVtYV92ZXJzaW9uIjoiMSJ9",
          "dependencies": [
            "aws_vpc.main"
          ]
        },
        {
          "index_key": "ap-southeast-1b",
          "schema_version": 1,
          "attributes": {
            "arn": "arn:aws:ec2:ap-southeast-1:817888697629:subnet/subnet-0df8e64451b32b94a",
            "assign_ipv6_address_on_creation": false,
            "availability_zone": "ap-southeast-1b",
            "availability_zone_id": "apse1-az1",
            "cidr_block": "10.42.11.0/24",
            "customer_owned_ipv4_pool": "",
            "enable_dns64": false,
            "enable_lni_at_device_index": 0,
            "enable_resource_name_dns_a_record_on_launch": false,
            "enable_resource_name_dns_aaaa_record_on_launch": false,
            "id": "subnet-0df8e64451b32b94a",
            "ipv6_cidr_block": "",
            "ipv6_cidr_block_association_id": "",
            "ipv6_native": false,
            "map_customer_owned_ip_on_launch": false,
            "map_public_ip_on_launch": false,
            "outpost_arn": "",
            "owner_id": "817888697629",
            "private_dns_hostname_type_on_launch": "ip-name",
            "tags": {
              "Environment": "dev",
              "ManagedBy": "Terraform",
              "Name": "khaleo-private-ap-southeast-1b",
              "Project": "KhaLeoFlashcard",
              "Tier": "private"
            },
            "tags_all": {
              "Environment": "dev",
              "ManagedBy": "Terraform",
              "Name": "khaleo-private-ap-southeast-1b",
              "Project": "KhaLeoFlashcard",
              "Tier": "private"
            },
            "timeouts": null,
            "vpc_id": "vpc-0ccaf1311936d9094"
          },
          "sensitive_attributes": [],
          "identity_schema_version": 0,
          "private": "eyJlMmJmYjczMC1lY2FhLTExZTYtOGY4OC0zNDM2M2JjN2M0YzAiOnsiY3JlYXRlIjo2MDAwMDAwMDAwMDAsImRlbGV0ZSI6MTIwMDAwMDAwMDAwMH0sInNjaGVtYV92ZXJzaW9uIjoiMSJ9",
          "dependencies": [
            "aws_vpc.main"
          ]
        },
        {
          "index_key": "ap-southeast-1c",
          "schema_version": 1,
          "attributes": {
            "arn": "arn:aws:ec2:ap-southeast-1:817888697629:subnet/subnet-0f09002838f016d4e",
            "assign_ipv6_address_on_creation": false,
            "availability_zone": "ap-southeast-1c",
            "availability_zone_id": "apse1-az3",
            "cidr_block": "10.42.12.0/24",
            "customer_owned_ipv4_pool": "",
            "enable_dns64": false,
            "enable_lni_at_device_index": 0,
            "enable_resource_name_dns_a_record_on_launch": false,
            "enable_resource_name_dns_aaaa_record_on_launch": false,
            "id": "subnet-0f09002838f016d4e",
            "ipv6_cidr_block": "",
            "ipv6_cidr_block_association_id": "",
            "ipv6_native": false,
            "map_customer_owned_ip_on_launch": false,
            "map_public_ip_on_launch": false,
            "outpost_arn": "",
            "owner_id": "817888697629",
            "private_dns_hostname_type_on_launch": "ip-name",
            "tags": {
              "Environment": "dev",
              "ManagedBy": "Terraform",
              "Name": "khaleo-private-ap-southeast-1c",
              "Project": "KhaLeoFlashcard",
              "Tier": "private"
            },
            "tags_all": {
              "Environment": "dev",
              "ManagedBy": "Terraform",
              "Name": "khaleo-private-ap-southeast-1c",
              "Project": "KhaLeoFlashcard",
              "Tier": "private"
            },
            "timeouts": null,
            "vpc_id": "vpc-0ccaf1311936d9094"
          },
          "sensitive_attributes": [],
          "identity_schema_version": 0,
          "private": "eyJlMmJmYjczMC1lY2FhLTExZTYtOGY4OC0zNDM2M2JjN2M0YzAiOnsiY3JlYXRlIjo2MDAwMDAwMDAwMDAsImRlbGV0ZSI6MTIwMDAwMDAwMDAwMH0sInNjaGVtYV92ZXJzaW9uIjoiMSJ9",
          "dependencies": [
            "aws_vpc.main"
          ]
        }
      ]
    },
    {
      "mode": "managed",
      "type": "aws_subnet",
      "name": "public",
      "provider": "provider[\"registry.terraform.io/hashicorp/aws\"]",
      "instances": [
        {
          "index_key": "ap-southeast-1a",
          "schema_version": 1,
          "attributes": {
            "arn": "arn:aws:ec2:ap-southeast-1:817888697629:subnet/subnet-0d3d9f7ee92a4310d",
            "assign_ipv6_address_on_creation": false,
            "availability_zone": "ap-southeast-1a",
            "availability_zone_id": "apse1-az2",
            "cidr_block": "10.42.0.0/24",
            "customer_owned_ipv4_pool": "",
            "enable_dns64": false,
            "enable_lni_at_device_index": 0,
            "enable_resource_name_dns_a_record_on_launch": false,
            "enable_resource_name_dns_aaaa_record_on_launch": false,
            "id": "subnet-0d3d9f7ee92a4310d",
            "ipv6_cidr_block": "",
            "ipv6_cidr_block_association_id": "",
            "ipv6_native": false,
            "map_customer_owned_ip_on_launch": false,
            "map_public_ip_on_launch": true,
            "outpost_arn": "",
            "owner_id": "817888697629",
            "private_dns_hostname_type_on_launch": "ip-name",
            "tags": {
              "Environment": "dev",
              "ManagedBy": "Terraform",
              "Name": "khaleo-public-ap-southeast-1a",
              "Project": "KhaLeoFlashcard",
              "Tier": "public"
            },
            "tags_all": {
              "Environment": "dev",
              "ManagedBy": "Terraform",
              "Name": "khaleo-public-ap-southeast-1a",
              "Project": "KhaLeoFlashcard",
              "Tier": "public"
            },
            "timeouts": null,
            "vpc_id": "vpc-0ccaf1311936d9094"
          },
          "sensitive_attributes": [],
          "identity_schema_version": 0,
          "private": "eyJlMmJmYjczMC1lY2FhLTExZTYtOGY4OC0zNDM2M2JjN2M0YzAiOnsiY3JlYXRlIjo2MDAwMDAwMDAwMDAsImRlbGV0ZSI6MTIwMDAwMDAwMDAwMH0sInNjaGVtYV92ZXJzaW9uIjoiMSJ9",
          "dependencies": [
            "aws_vpc.main"
          ]
        },
        {
          "index_key": "ap-southeast-1b",
          "schema_version": 1,
          "attributes": {
            "arn": "arn:aws:ec2:ap-southeast-1:817888697629:subnet/subnet-0f63af044e6f0f70e",
            "assign_ipv6_address_on_creation": false,
            "availability_zone": "ap-southeast-1b",
            "availability_zone_id": "apse1-az1",
            "cidr_block": "10.42.1.0/24",
            "customer_owned_ipv4_pool": "",
            "enable_dns64": false,
            "enable_lni_at_device_index": 0,
            "enable_resource_name_dns_a_record_on_launch": false,
            "enable_resource_name_dns_aaaa_record_on_launch": false,
            "id": "subnet-0f63af044e6f0f70e",
            "ipv6_cidr_block": "",
            "ipv6_cidr_block_association_id": "",
            "ipv6_native": false,
            "map_customer_owned_ip_on_launch": false,
            "map_public_ip_on_launch": true,
            "outpost_arn": "",
            "owner_id": "817888697629",
            "private_dns_hostname_type_on_launch": "ip-name",
            "tags": {
              "Environment": "dev",
              "ManagedBy": "Terraform",
              "Name": "khaleo-public-ap-southeast-1b",
              "Project": "KhaLeoFlashcard",
              "Tier": "public"
            },
            "tags_all": {
              "Environment": "dev",
              "ManagedBy": "Terraform",
              "Name": "khaleo-public-ap-southeast-1b",
              "Project": "KhaLeoFlashcard",
              "Tier": "public"
            },
            "timeouts": null,
            "vpc_id": "vpc-0ccaf1311936d9094"
          },
          "sensitive_attributes": [],
          "identity_schema_version": 0,
          "private": "eyJlMmJmYjczMC1lY2FhLTExZTYtOGY4OC0zNDM2M2JjN2M0YzAiOnsiY3JlYXRlIjo2MDAwMDAwMDAwMDAsImRlbGV0ZSI6MTIwMDAwMDAwMDAwMH0sInNjaGVtYV92ZXJzaW9uIjoiMSJ9",
          "dependencies": [
            "aws_vpc.main"
          ]
        },
        {
          "index_key": "ap-southeast-1c",
          "schema_version": 1,
          "attributes": {
            "arn": "arn:aws:ec2:ap-southeast-1:817888697629:subnet/subnet-0d474c74e449cd8e3",
            "assign_ipv6_address_on_creation": false,
            "availability_zone": "ap-southeast-1c",
            "availability_zone_id": "apse1-az3",
            "cidr_block": "10.42.2.0/24",
            "customer_owned_ipv4_pool": "",
            "enable_dns64": false,
            "enable_lni_at_device_index": 0,
            "enable_resource_name_dns_a_record_on_launch": false,
            "enable_resource_name_dns_aaaa_record_on_launch": false,
            "id": "subnet-0d474c74e449cd8e3",
            "ipv6_cidr_block": "",
            "ipv6_cidr_block_association_id": "",
            "ipv6_native": false,
            "map_customer_owned_ip_on_launch": false,
            "map_public_ip_on_launch": true,
            "outpost_arn": "",
            "owner_id": "817888697629",
            "private_dns_hostname_type_on_launch": "ip-name",
            "tags": {
              "Environment": "dev",
              "ManagedBy": "Terraform",
              "Name": "khaleo-public-ap-southeast-1c",
              "Project": "KhaLeoFlashcard",
              "Tier": "public"
            },
            "tags_all": {
              "Environment": "dev",
              "ManagedBy": "Terraform",
              "Name": "khaleo-public-ap-southeast-1c",
              "Project": "KhaLeoFlashcard",
              "Tier": "public"
            },
            "timeouts": null,
            "vpc_id": "vpc-0ccaf1311936d9094"
          },
          "sensitive_attributes": [],
          "identity_schema_version": 0,
          "private": "eyJlMmJmYjczMC1lY2FhLTExZTYtOGY4OC0zNDM2M2JjN2M0YzAiOnsiY3JlYXRlIjo2MDAwMDAwMDAwMDAsImRlbGV0ZSI6MTIwMDAwMDAwMDAwMH0sInNjaGVtYV92ZXJzaW9uIjoiMSJ9",
          "dependencies": [
            "aws_vpc.main"
          ]
        }
      ]
    },
    {
      "mode": "managed",
      "type": "aws_vpc",
      "name": "main",
      "provider": "provider[\"registry.terraform.io/hashicorp/aws\"]",
      "instances": [
        {
          "schema_version": 1,
          "attributes": {
            "arn": "arn:aws:ec2:ap-southeast-1:817888697629:vpc/vpc-0ccaf1311936d9094",
            "assign_generated_ipv6_cidr_block": false,
            "cidr_block": "10.42.0.0/16",
            "default_network_acl_id": "acl-073017a3baa7fd50d",
            "default_route_table_id": "rtb-0a0b8652a828a70c2",
            "default_security_group_id": "sg-0443cc0965744054b",
            "dhcp_options_id": "dopt-0ef84b022fe7ad2e1",
            "enable_dns_hostnames": true,
            "enable_dns_support": true,
            "enable_network_address_usage_metrics": false,
            "id": "vpc-0ccaf1311936d9094",
            "instance_tenancy": "default",
            "ipv4_ipam_pool_id": null,
            "ipv4_netmask_length": null,
            "ipv6_association_id": "",
            "ipv6_cidr_block": "",
            "ipv6_cidr_block_network_border_group": "",
            "ipv6_ipam_pool_id": "",
            "ipv6_netmask_length": 0,
            "main_route_table_id": "rtb-0a0b8652a828a70c2",
            "owner_id": "817888697629",
            "tags": {
              "Environment": "dev",
              "ManagedBy": "Terraform",
              "Name": "khaleo-vpc",
              "Project": "KhaLeoFlashcard"
            },
            "tags_all": {
              "Environment": "dev",
              "ManagedBy": "Terraform",
              "Name": "khaleo-vpc",
              "Project": "KhaLeoFlashcard"
            }
          },
          "sensitive_attributes": [],
          "identity_schema_version": 0,
          "private": "eyJzY2hlbWFfdmVyc2lvbiI6IjEifQ=="
        }
      ]
    },
    {
      "mode": "managed",
      "type": "aws_wafv2_web_acl",
      "name": "backend",
      "provider": "provider[\"registry.terraform.io/hashicorp/aws\"]",
      "instances": [
        {
          "schema_version": 0,
          "attributes": {
            "application_integration_url": "",
            "arn": "arn:aws:wafv2:ap-southeast-1:817888697629:regional/webacl/khaleo-backend-waf/db4aa43c-6c8f-4439-8fdb-f6ab5ef69233",
            "association_config": [],
            "capacity": 2,
            "captcha_config": [],
            "challenge_config": [],
            "custom_response_body": [],
            "data_protection_config": [],
            "default_action": [
              {
                "allow": [
                  {
                    "custom_request_handling": []
                  }
                ],
                "block": []
              }
            ],
            "description": "",
            "id": "db4aa43c-6c8f-4439-8fdb-f6ab5ef69233",
            "lock_token": "c7f73ef9-d314-4ff2-a1b9-9f231b10a5a6",
            "name": "khaleo-backend-waf",
            "name_prefix": "",
            "rule": [
              {
                "action": [
                  {
                    "allow": [],
                    "block": [
                      {
                        "custom_response": []
                      }
                    ],
                    "captcha": [],
                    "challenge": [],
                    "count": []
                  }
                ],
                "captcha_config": [],
                "challenge_config": [],
                "name": "rate-limit",
                "override_action": [],
                "priority": 1,
                "rule_label": [],
                "statement": [
                  {
                    "and_statement": [],
                    "asn_match_statement": [],
                    "byte_match_statement": [],
                    "geo_match_statement": [],
                    "ip_set_reference_statement": [],
                    "label_match_statement": [],
                    "managed_rule_group_statement": [],
                    "not_statement": [],
                    "or_statement": [],
                    "rate_based_statement": [
                      {
                        "aggregate_key_type": "IP",
                        "custom_key": [],
                        "evaluation_window_sec": 300,
                        "forwarded_ip_config": [],
                        "limit": 2000,
                        "scope_down_statement": []
                      }
                    ],
                    "regex_match_statement": [],
                    "regex_pattern_set_reference_statement": [],
                    "rule_group_reference_statement": [],
                    "size_constraint_statement": [],
                    "sqli_match_statement": [],
                    "xss_match_statement": []
                  }
                ],
                "visibility_config": [
                  {
                    "cloudwatch_metrics_enabled": true,
                    "metric_name": "khaleoRateLimit",
                    "sampled_requests_enabled": true
                  }
                ]
              }
            ],
            "rule_json": null,
            "scope": "REGIONAL",
            "tags": {
              "Environment": "dev",
              "ManagedBy": "Terraform",
              "Project": "KhaLeoFlashcard"
            },
            "tags_all": {
              "Environment": "dev",
              "ManagedBy": "Terraform",
              "Project": "KhaLeoFlashcard"
            },
            "token_domains": [],
            "visibility_config": [
              {
                "cloudwatch_metrics_enabled": true,
                "metric_name": "khaleoBackendWaf",
                "sampled_requests_enabled": true
              }
            ]
          },
          "sensitive_attributes": [],
          "identity_schema_version": 0,
          "private": "bnVsbA=="
        }
      ]
    },
    {
      "mode": "managed",
      "type": "aws_wafv2_web_acl_association",
      "name": "backend",
      "provider": "provider[\"registry.terraform.io/hashicorp/aws\"]",
      "instances": [
        {
          "schema_version": 0,
          "attributes": {
            "id": "arn:aws:wafv2:ap-southeast-1:817888697629:regional/webacl/khaleo-backend-waf/db4aa43c-6c8f-4439-8fdb-f6ab5ef69233,arn:aws:elasticloadbalancing:ap-southeast-1:817888697629:loadbalancer/app/khaleo-backend-alb/3441e56ca05661fd",
            "resource_arn": "arn:aws:elasticloadbalancing:ap-southeast-1:817888697629:loadbalancer/app/khaleo-backend-alb/3441e56ca05661fd",
            "timeouts": null,
            "web_acl_arn": "arn:aws:wafv2:ap-southeast-1:817888697629:regional/webacl/khaleo-backend-waf/db4aa43c-6c8f-4439-8fdb-f6ab5ef69233"
          },
          "sensitive_attributes": [],
          "identity_schema_version": 0,
          "private": "eyJlMmJmYjczMC1lY2FhLTExZTYtOGY4OC0zNDM2M2JjN2M0YzAiOnsiY3JlYXRlIjo2MDAwMDAwMDAwMDB9fQ==",
          "dependencies": [
            "aws_lb.backend",
            "aws_security_group.alb",
            "aws_subnet.public",
            "aws_vpc.main",
            "aws_wafv2_web_acl.backend"
          ]
        }
      ]
    },
    {
      "mode": "managed",
      "type": "github_actions_environment_secret",
      "name": "deployment",
      "provider": "provider[\"registry.terraform.io/integrations/github\"]",
      "instances": [
        {
          "index_key": "ARTIFACT_BUCKET",
          "schema_version": 0,
          "attributes": {
            "created_at": "2026-03-18 02:41:35 +0000 UTC",
            "encrypted_value": "",
            "environment": "production",
            "id": "KhaLeo:production:ARTIFACT_BUCKET",
            "plaintext_value": "kha-leo-build-artifacts",
            "repository": "KhaLeo",
            "secret_name": "ARTIFACT_BUCKET",
            "updated_at": "2026-03-18 02:41:35 +0000 UTC"
          },
          "sensitive_attributes": [
            [
              {
                "type": "get_attr",
                "value": "encrypted_value"
              }
            ],
            [
              {
                "type": "get_attr",
                "value": "plaintext_value"
              }
            ]
          ],
          "identity_schema_version": 0,
          "private": "bnVsbA==",
          "dependencies": [
            "aws_acm_certificate.frontend_cert",
            "aws_acm_certificate_validation.frontend_cert",
            "aws_cloudfront_distribution.frontend",
            "aws_cloudfront_origin_access_control.frontend",
            "aws_iam_openid_connect_provider.github_actions",
            "aws_iam_role.github_actions_deploy",
            "aws_route53_record.frontend_cert_validation",
            "aws_s3_bucket.frontend_bucket",
            "data.aws_iam_policy_document.github_actions_oidc_assume_role",
            "github_repository_environment.production"
          ]
        },
        {
          "index_key": "AWS_REGION",
          "schema_version": 0,
          "attributes": {
            "created_at": "2026-03-18 02:41:26 +0000 UTC",
            "encrypted_value": "",
            "environment": "production",
            "id": "KhaLeo:production:AWS_REGION",
            "plaintext_value": "ap-southeast-1",
            "repository": "KhaLeo",
            "secret_name": "AWS_REGION",
            "updated_at": "2026-03-18 02:41:26 +0000 UTC"
          },
          "sensitive_attributes": [
            [
              {
                "type": "get_attr",
                "value": "encrypted_value"
              }
            ],
            [
              {
                "type": "get_attr",
                "value": "plaintext_value"
              }
            ]
          ],
          "identity_schema_version": 0,
          "private": "bnVsbA==",
          "dependencies": [
            "aws_acm_certificate.frontend_cert",
            "aws_acm_certificate_validation.frontend_cert",
            "aws_cloudfront_distribution.frontend",
            "aws_cloudfront_origin_access_control.frontend",
            "aws_iam_openid_connect_provider.github_actions",
            "aws_iam_role.github_actions_deploy",
            "aws_route53_record.frontend_cert_validation",
            "aws_s3_bucket.frontend_bucket",
            "data.aws_iam_policy_document.github_actions_oidc_assume_role",
            "github_repository_environment.production"
          ]
        },
        {
          "index_key": "AWS_ROLE_TO_ASSUME",
          "schema_version": 0,
          "attributes": {
            "created_at": "2026-03-18 02:41:29 +0000 UTC",
            "encrypted_value": "",
            "environment": "production",
            "id": "KhaLeo:production:AWS_ROLE_TO_ASSUME",
            "plaintext_value": "arn:aws:iam::817888697629:role/github-actions-khaleo-prod-role",
            "repository": "KhaLeo",
            "secret_name": "AWS_ROLE_TO_ASSUME",
            "updated_at": "2026-03-18 02:41:29 +0000 UTC"
          },
          "sensitive_attributes": [
            [
              {
                "type": "get_attr",
                "value": "encrypted_value"
              }
            ],
            [
              {
                "type": "get_attr",
                "value": "plaintext_value"
              }
            ]
          ],
          "identity_schema_version": 0,
          "private": "bnVsbA==",
          "dependencies": [
            "aws_acm_certificate.frontend_cert",
            "aws_acm_certificate_validation.frontend_cert",
            "aws_cloudfront_distribution.frontend",
            "aws_cloudfront_origin_access_control.frontend",
            "aws_iam_openid_connect_provider.github_actions",
            "aws_iam_role.github_actions_deploy",
            "aws_route53_record.frontend_cert_validation",
            "aws_s3_bucket.frontend_bucket",
            "data.aws_iam_policy_document.github_actions_oidc_assume_role",
            "github_repository_environment.production"
          ]
        },
        {
          "index_key": "CLOUDFRONT_DISTRIBUTION_ID",
          "schema_version": 0,
          "attributes": {
            "created_at": "2026-03-18 02:41:30 +0000 UTC",
            "encrypted_value": "",
            "environment": "production",
            "id": "KhaLeo:production:CLOUDFRONT_DISTRIBUTION_ID",
            "plaintext_value": "E2ML39SU9XSAB8",
            "repository": "KhaLeo",
            "secret_name": "CLOUDFRONT_DISTRIBUTION_ID",
            "updated_at": "2026-03-18 02:41:30 +0000 UTC"
          },
          "sensitive_attributes": [
            [
              {
                "type": "get_attr",
                "value": "encrypted_value"
              }
            ],
            [
              {
                "type": "get_attr",
                "value": "plaintext_value"
              }
            ]
          ],
          "identity_schema_version": 0,
          "private": "bnVsbA==",
          "dependencies": [
            "aws_acm_certificate.frontend_cert",
            "aws_acm_certificate_validation.frontend_cert",
            "aws_cloudfront_distribution.frontend",
            "aws_cloudfront_origin_access_control.frontend",
            "aws_iam_openid_connect_provider.github_actions",
            "aws_iam_role.github_actions_deploy",
            "aws_route53_record.frontend_cert_validation",
            "aws_s3_bucket.frontend_bucket",
            "data.aws_iam_policy_document.github_actions_oidc_assume_role",
            "github_repository_environment.production"
          ]
        },
        {
          "index_key": "DEPLOY_SERVICE_NAME",
          "schema_version": 0,
          "attributes": {
            "created_at": "2026-03-18 02:41:28 +0000 UTC",
            "encrypted_value": "",
            "environment": "production",
            "id": "KhaLeo:production:DEPLOY_SERVICE_NAME",
            "plaintext_value": "flashcard-backend",
            "repository": "KhaLeo",
            "secret_name": "DEPLOY_SERVICE_NAME",
            "updated_at": "2026-03-18 02:41:28 +0000 UTC"
          },
          "sensitive_attributes": [
            [
              {
                "type": "get_attr",
                "value": "encrypted_value"
              }
            ],
            [
              {
                "type": "get_attr",
                "value": "plaintext_value"
              }
            ]
          ],
          "identity_schema_version": 0,
          "private": "bnVsbA==",
          "dependencies": [
            "aws_acm_certificate.frontend_cert",
            "aws_acm_certificate_validation.frontend_cert",
            "aws_cloudfront_distribution.frontend",
            "aws_cloudfront_origin_access_control.frontend",
            "aws_iam_openid_connect_provider.github_actions",
            "aws_iam_role.github_actions_deploy",
            "aws_route53_record.frontend_cert_validation",
            "aws_s3_bucket.frontend_bucket",
            "data.aws_iam_policy_document.github_actions_oidc_assume_role",
            "github_repository_environment.production"
          ]
        },
        {
          "index_key": "DEPLOY_TARGET_TAG_KEY",
          "schema_version": 0,
          "attributes": {
            "created_at": "2026-03-18 02:41:32 +0000 UTC",
            "encrypted_value": "",
            "environment": "production",
            "id": "KhaLeo:production:DEPLOY_TARGET_TAG_KEY",
            "plaintext_value": "Role",
            "repository": "KhaLeo",
            "secret_name": "DEPLOY_TARGET_TAG_KEY",
            "updated_at": "2026-03-18 02:41:32 +0000 UTC"
          },
          "sensitive_attributes": [
            [
              {
                "type": "get_attr",
                "value": "encrypted_value"
              }
            ],
            [
              {
                "type": "get_attr",
                "value": "plaintext_value"
              }
            ]
          ],
          "identity_schema_version": 0,
          "private": "bnVsbA==",
          "dependencies": [
            "aws_acm_certificate.frontend_cert",
            "aws_acm_certificate_validation.frontend_cert",
            "aws_cloudfront_distribution.frontend",
            "aws_cloudfront_origin_access_control.frontend",
            "aws_iam_openid_connect_provider.github_actions",
            "aws_iam_role.github_actions_deploy",
            "aws_route53_record.frontend_cert_validation",
            "aws_s3_bucket.frontend_bucket",
            "data.aws_iam_policy_document.github_actions_oidc_assume_role",
            "github_repository_environment.production"
          ]
        },
        {
          "index_key": "DEPLOY_TARGET_TAG_VALUE",
          "schema_version": 0,
          "attributes": {
            "created_at": "2026-03-18 02:41:21 +0000 UTC",
            "encrypted_value": "",
            "environment": "production",
            "id": "KhaLeo:production:DEPLOY_TARGET_TAG_VALUE",
            "plaintext_value": "khaleo-backend",
            "repository": "KhaLeo",
            "secret_name": "DEPLOY_TARGET_TAG_VALUE",
            "updated_at": "2026-03-18 02:41:21 +0000 UTC"
          },
          "sensitive_attributes": [
            [
              {
                "type": "get_attr",
                "value": "encrypted_value"
              }
            ],
            [
              {
                "type": "get_attr",
                "value": "plaintext_value"
              }
            ]
          ],
          "identity_schema_version": 0,
          "private": "bnVsbA==",
          "dependencies": [
            "aws_acm_certificate.frontend_cert",
            "aws_acm_certificate_validation.frontend_cert",
            "aws_cloudfront_distribution.frontend",
            "aws_cloudfront_origin_access_control.frontend",
            "aws_iam_openid_connect_provider.github_actions",
            "aws_iam_role.github_actions_deploy",
            "aws_route53_record.frontend_cert_validation",
            "aws_s3_bucket.frontend_bucket",
            "data.aws_iam_policy_document.github_actions_oidc_assume_role",
            "github_repository_environment.production"
          ]
        },
        {
          "index_key": "FRONTEND_S3_BUCKET",
          "schema_version": 0,
          "attributes": {
            "created_at": "2026-03-18 02:41:33 +0000 UTC",
            "encrypted_value": "",
            "environment": "production",
            "id": "KhaLeo:production:FRONTEND_S3_BUCKET",
            "plaintext_value": "khaleo-frontend-prod",
            "repository": "KhaLeo",
            "secret_name": "FRONTEND_S3_BUCKET",
            "updated_at": "2026-03-18 02:41:33 +0000 UTC"
          },
          "sensitive_attributes": [
            [
              {
                "type": "get_attr",
                "value": "encrypted_value"
              }
            ],
            [
              {
                "type": "get_attr",
                "value": "plaintext_value"
              }
            ]
          ],
          "identity_schema_version": 0,
          "private": "bnVsbA==",
          "dependencies": [
            "aws_acm_certificate.frontend_cert",
            "aws_acm_certificate_validation.frontend_cert",
            "aws_cloudfront_distribution.frontend",
            "aws_cloudfront_origin_access_control.frontend",
            "aws_iam_openid_connect_provider.github_actions",
            "aws_iam_role.github_actions_deploy",
            "aws_route53_record.frontend_cert_validation",
            "aws_s3_bucket.frontend_bucket",
            "data.aws_iam_policy_document.github_actions_oidc_assume_role",
            "github_repository_environment.production"
          ]
        }
      ]
    },
    {
      "mode": "managed",
      "type": "github_actions_environment_secret",
      "name": "manual_placeholders",
      "provider": "provider[\"registry.terraform.io/integrations/github\"]",
      "instances": [
        {
          "index_key": "JWT_SECRET",
          "schema_version": 0,
          "attributes": {
            "created_at": "2026-03-18 02:38:36 +0000 UTC",
            "encrypted_value": "",
            "environment": "production",
            "id": "KhaLeo:production:JWT_SECRET",
            "plaintext_value": "TO_BE_SET",
            "repository": "KhaLeo",
            "secret_name": "JWT_SECRET",
            "updated_at": "2026-03-18 02:38:36 +0000 UTC"
          },
          "sensitive_attributes": [
            [
              {
                "type": "get_attr",
                "value": "encrypted_value"
              }
            ],
            [
              {
                "type": "get_attr",
                "value": "plaintext_value"
              }
            ]
          ],
          "identity_schema_version": 0,
          "private": "bnVsbA==",
          "dependencies": [
            "github_repository_environment.production"
          ]
        },
        {
          "index_key": "SES_ACCESS_KEY_ID",
          "schema_version": 0,
          "attributes": {
            "created_at": "2026-03-18 02:38:45 +0000 UTC",
            "encrypted_value": "",
            "environment": "production",
            "id": "KhaLeo:production:SES_ACCESS_KEY_ID",
            "plaintext_value": "TO_BE_SET",
            "repository": "KhaLeo",
            "secret_name": "SES_ACCESS_KEY_ID",
            "updated_at": "2026-03-18 02:38:45 +0000 UTC"
          },
          "sensitive_attributes": [
            [
              {
                "type": "get_attr",
                "value": "encrypted_value"
              }
            ],
            [
              {
                "type": "get_attr",
                "value": "plaintext_value"
              }
            ]
          ],
          "identity_schema_version": 0,
          "private": "bnVsbA==",
          "dependencies": [
            "github_repository_environment.production"
          ]
        },
        {
          "index_key": "SES_SECRET_ACCESS_KEY",
          "schema_version": 0,
          "attributes": {
            "created_at": "2026-03-18 02:38:34 +0000 UTC",
            "encrypted_value": "",
            "environment": "production",
            "id": "KhaLeo:production:SES_SECRET_ACCESS_KEY",
            "plaintext_value": "TO_BE_SET",
            "repository": "KhaLeo",
            "secret_name": "SES_SECRET_ACCESS_KEY",
            "updated_at": "2026-03-18 02:38:34 +0000 UTC"
          },
          "sensitive_attributes": [
            [
              {
                "type": "get_attr",
                "value": "encrypted_value"
              }
            ],
            [
              {
                "type": "get_attr",
                "value": "plaintext_value"
              }
            ]
          ],
          "identity_schema_version": 0,
          "private": "bnVsbA==",
          "dependencies": [
            "github_repository_environment.production"
          ]
        },
        {
          "index_key": "SPRING_DATASOURCE_PASSWORD",
          "schema_version": 0,
          "attributes": {
            "created_at": "2026-03-18 02:38:50 +0000 UTC",
            "encrypted_value": "",
            "environment": "production",
            "id": "KhaLeo:production:SPRING_DATASOURCE_PASSWORD",
            "plaintext_value": "TO_BE_SET",
            "repository": "KhaLeo",
            "secret_name": "SPRING_DATASOURCE_PASSWORD",
            "updated_at": "2026-03-18 02:38:50 +0000 UTC"
          },
          "sensitive_attributes": [
            [
              {
                "type": "get_attr",
                "value": "encrypted_value"
              }
            ],
            [
              {
                "type": "get_attr",
                "value": "plaintext_value"
              }
            ]
          ],
          "identity_schema_version": 0,
          "private": "bnVsbA==",
          "dependencies": [
            "github_repository_environment.production"
          ]
        },
        {
          "index_key": "SPRING_DATASOURCE_URL",
          "schema_version": 0,
          "attributes": {
            "created_at": "2026-03-18 02:38:46 +0000 UTC",
            "encrypted_value": "",
            "environment": "production",
            "id": "KhaLeo:production:SPRING_DATASOURCE_URL",
            "plaintext_value": "TO_BE_SET",
            "repository": "KhaLeo",
            "secret_name": "SPRING_DATASOURCE_URL",
            "updated_at": "2026-03-18 02:38:46 +0000 UTC"
          },
          "sensitive_attributes": [
            [
              {
                "type": "get_attr",
                "value": "encrypted_value"
              }
            ],
            [
              {
                "type": "get_attr",
                "value": "plaintext_value"
              }
            ]
          ],
          "identity_schema_version": 0,
          "private": "bnVsbA==",
          "dependencies": [
            "github_repository_environment.production"
          ]
        },
        {
          "index_key": "SPRING_DATASOURCE_USERNAME",
          "schema_version": 0,
          "attributes": {
            "created_at": "2026-03-18 02:38:38 +0000 UTC",
            "encrypted_value": "",
            "environment": "production",
            "id": "KhaLeo:production:SPRING_DATASOURCE_USERNAME",
            "plaintext_value": "TO_BE_SET",
            "repository": "KhaLeo",
            "secret_name": "SPRING_DATASOURCE_USERNAME",
            "updated_at": "2026-03-18 02:38:38 +0000 UTC"
          },
          "sensitive_attributes": [
            [
              {
                "type": "get_attr",
                "value": "encrypted_value"
              }
            ],
            [
              {
                "type": "get_attr",
                "value": "plaintext_value"
              }
            ]
          ],
          "identity_schema_version": 0,
          "private": "bnVsbA==",
          "dependencies": [
            "github_repository_environment.production"
          ]
        }
      ]
    },
    {
      "mode": "managed",
      "type": "github_actions_environment_variable",
      "name": "deployment",
      "provider": "provider[\"registry.terraform.io/integrations/github\"]",
      "instances": [
        {
          "index_key": "APP_ENV",
          "schema_version": 0,
          "attributes": {
            "created_at": "2026-03-18 02:56:17 +0000 UTC",
            "environment": "production",
            "id": "KhaLeo:production:APP_ENV",
            "repository": "KhaLeo",
            "updated_at": "2026-03-18 02:56:17 +0000 UTC",
            "value": "production",
            "variable_name": "APP_ENV"
          },
          "sensitive_attributes": [],
          "identity_schema_version": 0,
          "private": "bnVsbA==",
          "dependencies": [
            "aws_secretsmanager_secret.db_credentials",
            "aws_secretsmanager_secret.jwt_secret",
            "aws_secretsmanager_secret.ses_credentials",
            "github_repository_environment.production"
          ]
        },
        {
          "index_key": "BACKEND_BASE_URL",
          "schema_version": 0,
          "attributes": {
            "created_at": "2026-03-18 02:56:20 +0000 UTC",
            "environment": "production",
            "id": "KhaLeo:production:BACKEND_BASE_URL",
            "repository": "KhaLeo",
            "updated_at": "2026-03-18 02:56:20 +0000 UTC",
            "value": "https://api.khaleoshop.click",
            "variable_name": "BACKEND_BASE_URL"
          },
          "sensitive_attributes": [],
          "identity_schema_version": 0,
          "private": "bnVsbA==",
          "dependencies": [
            "aws_secretsmanager_secret.db_credentials",
            "aws_secretsmanager_secret.jwt_secret",
            "aws_secretsmanager_secret.ses_credentials",
            "github_repository_environment.production"
          ]
        },
        {
          "index_key": "DB_SECRET_ID",
          "schema_version": 0,
          "attributes": {
            "created_at": "2026-03-18 02:56:22 +0000 UTC",
            "environment": "production",
            "id": "KhaLeo:production:DB_SECRET_ID",
            "repository": "KhaLeo",
            "updated_at": "2026-03-18 02:56:22 +0000 UTC",
            "value": "khaleo/prod/db-credentials",
            "variable_name": "DB_SECRET_ID"
          },
          "sensitive_attributes": [],
          "identity_schema_version": 0,
          "private": "bnVsbA==",
          "dependencies": [
            "aws_secretsmanager_secret.db_credentials",
            "aws_secretsmanager_secret.jwt_secret",
            "aws_secretsmanager_secret.ses_credentials",
            "github_repository_environment.production"
          ]
        },
        {
          "index_key": "JAVA_VERSION",
          "schema_version": 0,
          "attributes": {
            "created_at": "2026-03-18 02:56:25 +0000 UTC",
            "environment": "production",
            "id": "KhaLeo:production:JAVA_VERSION",
            "repository": "KhaLeo",
            "updated_at": "2026-03-18 02:56:25 +0000 UTC",
            "value": "17",
            "variable_name": "JAVA_VERSION"
          },
          "sensitive_attributes": [],
          "identity_schema_version": 0,
          "private": "bnVsbA==",
          "dependencies": [
            "aws_secretsmanager_secret.db_credentials",
            "aws_secretsmanager_secret.jwt_secret",
            "aws_secretsmanager_secret.ses_credentials",
            "github_repository_environment.production"
          ]
        },
        {
          "index_key": "JWT_SECRET_ID",
          "schema_version": 0,
          "attributes": {
            "created_at": "2026-03-18 02:56:27 +0000 UTC",
            "environment": "production",
            "id": "KhaLeo:production:JWT_SECRET_ID",
            "repository": "KhaLeo",
            "updated_at": "2026-03-18 02:56:27 +0000 UTC",
            "value": "khaleo/prod/jwt-secret",
            "variable_name": "JWT_SECRET_ID"
          },
          "sensitive_attributes": [],
          "identity_schema_version": 0,
          "private": "bnVsbA==",
          "dependencies": [
            "aws_secretsmanager_secret.db_credentials",
            "aws_secretsmanager_secret.jwt_secret",
            "aws_secretsmanager_secret.ses_credentials",
            "github_repository_environment.production"
          ]
        },
        {
          "index_key": "NODE_VERSION",
          "schema_version": 0,
          "attributes": {
            "created_at": "2026-03-18 02:56:30 +0000 UTC",
            "environment": "production",
            "id": "KhaLeo:production:NODE_VERSION",
            "repository": "KhaLeo",
            "updated_at": "2026-03-18 02:56:30 +0000 UTC",
            "value": "20",
            "variable_name": "NODE_VERSION"
          },
          "sensitive_attributes": [],
          "identity_schema_version": 0,
          "private": "bnVsbA==",
          "dependencies": [
            "aws_secretsmanager_secret.db_credentials",
            "aws_secretsmanager_secret.jwt_secret",
            "aws_secretsmanager_secret.ses_credentials",
            "github_repository_environment.production"
          ]
        },
        {
          "index_key": "RUNTIME_ENV_PATH",
          "schema_version": 0,
          "attributes": {
            "created_at": "2026-03-18 02:56:28 +0000 UTC",
            "environment": "production",
            "id": "KhaLeo:production:RUNTIME_ENV_PATH",
            "repository": "KhaLeo",
            "updated_at": "2026-03-18 02:56:28 +0000 UTC",
            "value": "/opt/khaleo/flashcard-backend/runtime-secrets.env",
            "variable_name": "RUNTIME_ENV_PATH"
          },
          "sensitive_attributes": [],
          "identity_schema_version": 0,
          "private": "bnVsbA==",
          "dependencies": [
            "aws_secretsmanager_secret.db_credentials",
            "aws_secretsmanager_secret.jwt_secret",
            "aws_secretsmanager_secret.ses_credentials",
            "github_repository_environment.production"
          ]
        },
        {
          "index_key": "SES_SECRET_ID",
          "schema_version": 0,
          "attributes": {
            "created_at": "2026-03-18 02:56:24 +0000 UTC",
            "environment": "production",
            "id": "KhaLeo:production:SES_SECRET_ID",
            "repository": "KhaLeo",
            "updated_at": "2026-03-18 02:56:24 +0000 UTC",
            "value": "khaleo/prod/ses-credentials",
            "variable_name": "SES_SECRET_ID"
          },
          "sensitive_attributes": [],
          "identity_schema_version": 0,
          "private": "bnVsbA==",
          "dependencies": [
            "aws_secretsmanager_secret.db_credentials",
            "aws_secretsmanager_secret.jwt_secret",
            "aws_secretsmanager_secret.ses_credentials",
            "github_repository_environment.production"
          ]
        }
      ]
    },
    {
      "mode": "managed",
      "type": "github_repository_environment",
      "name": "production",
      "provider": "provider[\"registry.terraform.io/integrations/github\"]",
      "instances": [
        {
          "schema_version": 0,
          "attributes": {
            "can_admins_bypass": true,
            "deployment_branch_policy": [],
            "environment": "production",
            "id": "KhaLeo:production",
            "repository": "KhaLeo",
            "reviewers": [],
            "wait_timer": 0
          },
          "sensitive_attributes": [],
          "identity_schema_version": 0,
          "private": "bnVsbA=="
        }
      ]
    },
    {
      "mode": "managed",
      "type": "random_password",
      "name": "aurora_master",
      "provider": "provider[\"registry.terraform.io/hashicorp/random\"]",
      "instances": [
        {
          "schema_version": 3,
          "attributes": {
            "bcrypt_hash": "$2a$10$KsA0K1X3PZvUTkIyY7UYFe6bfGBBHVTJwifyXxOGEqBWazHsn0uWm",
            "id": "none",
            "keepers": null,
            "length": 24,
            "lower": true,
            "min_lower": 0,
            "min_numeric": 0,
            "min_special": 0,
            "min_upper": 0,
            "number": true,
            "numeric": true,
            "override_special": "!#$%\u0026*()-_=+[]{}\u003c\u003e:?",
            "result": "L]r)!lbg\u0026\u003cR#)JXB-+YWcSl3",
            "special": true,
            "upper": true
          },
          "sensitive_attributes": [
            [
              {
                "type": "get_attr",
                "value": "bcrypt_hash"
              }
            ],
            [
              {
                "type": "get_attr",
                "value": "result"
              }
            ]
          ],
          "identity_schema_version": 0
        }
      ]
    }
  ],
  "check_results": null
}
